// !$*UTF8*$!
{
	archiveVersion = 1;
	classes = {
	};
	objectVersion = 52;
	objects = {

/* Begin PBXBuildFile section */
		4A0F715F23F4A0A500E5948E /* SplitterDoc.swift in Sources */ = {isa = PBXBuildFile; fileRef = 4A0F715E23F4A0A500E5948E /* SplitterDoc.swift */; };
		4A0F716323F4A9E400E5948E /* SplitterDocBundle.swift in Sources */ = {isa = PBXBuildFile; fileRef = 4A0F716223F4A9E400E5948E /* SplitterDocBundle.swift */; };
		4A1657B123EA4EF60008CB5F /* Menu Items.swift in Sources */ = {isa = PBXBuildFile; fileRef = 4A1657B023EA4EF60008CB5F /* Menu Items.swift */; };
		4A1657B323EA4F3C0008CB5F /* Button Actions.swift in Sources */ = {isa = PBXBuildFile; fileRef = 4A1657B223EA4F3C0008CB5F /* Button Actions.swift */; };
		4A1657B523EA5C320008CB5F /* Icon Actions.swift in Sources */ = {isa = PBXBuildFile; fileRef = 4A1657B423EA5C320008CB5F /* Icon Actions.swift */; };
		4A18662E23C51D2800FEEE54 /* UISettings.swift in Sources */ = {isa = PBXBuildFile; fileRef = 4A18662D23C51D2800FEEE54 /* UISettings.swift */; };
		4A18663023C5257800FEEE54 /* MenuItemConstants.swift in Sources */ = {isa = PBXBuildFile; fileRef = 4A18662F23C5257800FEEE54 /* MenuItemConstants.swift */; };
		4A18663223C5376900FEEE54 /* SettingsKeys.swift in Sources */ = {isa = PBXBuildFile; fileRef = 4A18663123C5376900FEEE54 /* SettingsKeys.swift */; };
		4A1C1465240ECD610056B104 /* ViewControllerID.swift in Sources */ = {isa = PBXBuildFile; fileRef = 4A1C1464240ECD610056B104 /* ViewControllerID.swift */; };
		4A1C1469240ED30C0056B104 /* InfoOptionsViewController.swift in Sources */ = {isa = PBXBuildFile; fileRef = 4A1C1467240ED30C0056B104 /* InfoOptionsViewController.swift */; };
		4A230E9323B00A1D00959C57 /* AppDelegate.swift in Sources */ = {isa = PBXBuildFile; fileRef = 4A230E9223B00A1D00959C57 /* AppDelegate.swift */; };
		4A230E9523B00A1D00959C57 /* ViewController.swift in Sources */ = {isa = PBXBuildFile; fileRef = 4A230E9423B00A1D00959C57 /* ViewController.swift */; };
		4A230E9723B00A1D00959C57 /* Document.swift in Sources */ = {isa = PBXBuildFile; fileRef = 4A230E9623B00A1D00959C57 /* Document.swift */; };
		4A230E9C23B00A1E00959C57 /* Main.storyboard in Resources */ = {isa = PBXBuildFile; fileRef = 4A230E9A23B00A1E00959C57 /* Main.storyboard */; };
		4A327B0D23F491FB00A5CBFF /* splitterAppearance.swift in Sources */ = {isa = PBXBuildFile; fileRef = 4A327B0C23F491FB00A5CBFF /* splitterAppearance.swift */; };
		4A3BDFA123E4C3B6001EA7FF /* DefaultHotkeys.swift in Sources */ = {isa = PBXBuildFile; fileRef = 4A3BDFA023E4C3B6001EA7FF /* DefaultHotkeys.swift */; };
		4A45BCF724084B3800F1A223 /* TimeSplitCell.swift in Sources */ = {isa = PBXBuildFile; fileRef = 4A45BCF624084B3800F1A223 /* TimeSplitCell.swift */; };
		4A4D391F23C4F29C00BF3FCD /* blankWindow.xib in Resources */ = {isa = PBXBuildFile; fileRef = 4A4D391E23C4F29C00BF3FCD /* blankWindow.xib */; };
		4A4D392223C4FAE500BF3FCD /* HotkeysViewController.swift in Sources */ = {isa = PBXBuildFile; fileRef = 4A4D392023C4FAE500BF3FCD /* HotkeysViewController.swift */; };
		4A4D392323C4FAE500BF3FCD /* HotkeysViewController.xib in Resources */ = {isa = PBXBuildFile; fileRef = 4A4D392123C4FAE500BF3FCD /* HotkeysViewController.xib */; };
		4A5947D823F36E3A00827306 /* SplitsIOExchangeFormat.swift in Sources */ = {isa = PBXBuildFile; fileRef = 4A5947D723F36E3A00827306 /* SplitsIOExchangeFormat.swift */; };
		4A5C1D1523F4AFB80014E8D3 /* commonPaths.swift in Sources */ = {isa = PBXBuildFile; fileRef = 4A5C1D1423F4AFB80014E8D3 /* commonPaths.swift */; };
		4A5F10AE23CFAA1F00DA043B /* Assets.xcassets in Resources */ = {isa = PBXBuildFile; fileRef = 4A5F10AD23CFAA1F00DA043B /* Assets.xcassets */; };
		4A66572F23E3D34600D14A67 /* Pods_Splitter.framework in Frameworks */ = {isa = PBXBuildFile; fileRef = 8449BCD82A49C16B0E9C6FE9 /* Pods_Splitter.framework */; };
		4A66573023E3D34600D14A67 /* Pods_Splitter.framework in Embed Frameworks */ = {isa = PBXBuildFile; fileRef = 8449BCD82A49C16B0E9C6FE9 /* Pods_Splitter.framework */; settings = {ATTRIBUTES = (CodeSignOnCopy, RemoveHeadersOnCopy, ); }; };
		4A66A43023DE2682005952FA /* ImageButtonCellView.swift in Sources */ = {isa = PBXBuildFile; fileRef = 4A66A42F23DE2682005952FA /* ImageButtonCellView.swift */; };
		4A66A43223DE2C88005952FA /* SplitTableViewColumnIdentifiers.swift in Sources */ = {isa = PBXBuildFile; fileRef = 4A66A43123DE2C88005952FA /* SplitTableViewColumnIdentifiers.swift */; };
		4A66A43423DE391B005952FA /* ShowHideUI.swift in Sources */ = {isa = PBXBuildFile; fileRef = 4A66A43323DE391B005952FA /* ShowHideUI.swift */; };
		4A6726E323F05B3C006F4BC4 /* module.map in Sources */ = {isa = PBXBuildFile; fileRef = 4AF9D75D23ECD5110019BC9A /* module.map */; };
		4A6726EA23F05D17006F4BC4 /* LiveSplit.swift in Sources */ = {isa = PBXBuildFile; fileRef = 4A617EBD23EBC65C0005D60E /* LiveSplit.swift */; };
		4A6A3BE023CD1C39002C20AE /* GlobalKeybindPrefs.swift in Sources */ = {isa = PBXBuildFile; fileRef = 4A6A3BDF23CD1C39002C20AE /* GlobalKeybindPrefs.swift */; };
		4A6A3BE223CD1C7A002C20AE /* Storage.swift in Sources */ = {isa = PBXBuildFile; fileRef = 4A6A3BE123CD1C7A002C20AE /* Storage.swift */; };
		4A6A3BE423CD621A002C20AE /* MainWindow.swift in Sources */ = {isa = PBXBuildFile; fileRef = 4A6A3BE323CD621A002C20AE /* MainWindow.swift */; };
		4A6A3BE623CD6463002C20AE /* BlankWindowController.swift in Sources */ = {isa = PBXBuildFile; fileRef = 4A6A3BE523CD6463002C20AE /* BlankWindowController.swift */; };
		4A6B4F7323F07C2B00CB781F /* liblivesplit_core.a in Frameworks */ = {isa = PBXBuildFile; fileRef = 4A6B4F7223F07C1500CB781F /* liblivesplit_core.a */; };
		4A6B4F7423F07C3900CB781F /* libresolv.tbd in Frameworks */ = {isa = PBXBuildFile; fileRef = 4A73B75023F0722800010F30 /* libresolv.tbd */; };
		4A6C312A23FF366C00BBE4BB /* SplitterDocIcon.icns in Resources */ = {isa = PBXBuildFile; fileRef = 4A6C312923FF366C00BBE4BB /* SplitterDocIcon.icns */; };
		4A774A5723EBCDFA002F1700 /* SplitterTests.swift in Sources */ = {isa = PBXBuildFile; fileRef = 4A774A5623EBCDFA002F1700 /* SplitterTests.swift */; };
		4A7C648823F05FCF008C15EF /* LiveSplitCore.swift in Sources */ = {isa = PBXBuildFile; fileRef = 4AF9D76423ECD7520019BC9A /* LiveSplitCore.swift */; };
		4A7DDCE223BBDD0900A36AD1 /* Credits.html in Resources */ = {isa = PBXBuildFile; fileRef = 4A7DDCE123BBDD0900A36AD1 /* Credits.html */; };
		4A85471823C66D42001F968F /* GamepadIcon.icns in Resources */ = {isa = PBXBuildFile; fileRef = 4A85471723C66D42001F968F /* GamepadIcon.icns */; };
		4A87265523BD53F8003A14AF /* runInfo.swift in Sources */ = {isa = PBXBuildFile; fileRef = 4A87265423BD53F8003A14AF /* runInfo.swift */; };
		4A87265723BD5423003A14AF /* Prefs.swift in Sources */ = {isa = PBXBuildFile; fileRef = 4A87265623BD5423003A14AF /* Prefs.swift */; };
		4A87DEA523F251C700975EB8 /* livesplit.icns in Resources */ = {isa = PBXBuildFile; fileRef = 4A87DEA423F251C700975EB8 /* livesplit.icns */; };
		4A968C7C23F1F5FE001B74E8 /* lss.swift in Sources */ = {isa = PBXBuildFile; fileRef = 4A968C7B23F1F5FE001B74E8 /* lss.swift */; };
		4A99813023F9ECE50037BF98 /* KeybindHandlers.swift in Sources */ = {isa = PBXBuildFile; fileRef = 4A99812F23F9ECE50037BF98 /* KeybindHandlers.swift */; };
		4A9DB792240847E40000D1B4 /* TimeSplitColumn.swift in Sources */ = {isa = PBXBuildFile; fileRef = 4A9DB791240847E40000D1B4 /* TimeSplitColumn.swift */; };
		4AA3DAB423E23DA900ADFA4A /* IconButton.swift in Sources */ = {isa = PBXBuildFile; fileRef = 4AA3DAB323E23DA900ADFA4A /* IconButton.swift */; };
		4AC24DBA23EB4EC5003008BF /* Split Table Row.swift in Sources */ = {isa = PBXBuildFile; fileRef = 4AC24DB923EB4EC5003008BF /* Split Table Row.swift */; };
		4AC24DBC23EB4F17003008BF /* Split Table View.swift in Sources */ = {isa = PBXBuildFile; fileRef = 4AC24DBB23EB4F17003008BF /* Split Table View.swift */; };
		4ACCEA7823B02F520068F89E /* TimeSplit.swift in Sources */ = {isa = PBXBuildFile; fileRef = 4ACCEA7723B02F520068F89E /* TimeSplit.swift */; };
		4AD7662E23DA5F9A0052409C /* Files in Frameworks */ = {isa = PBXBuildFile; productRef = 4AD7662D23DA5F9A0052409C /* Files */; };
		4AD7663223DB5C3A0052409C /* ImportExportSplitsIO.swift in Sources */ = {isa = PBXBuildFile; fileRef = 4AD7663123DB5C3A0052409C /* ImportExportSplitsIO.swift */; };
		4AD77D16240ECA2800CD65AD /* ColumnOptionsViewController.swift in Sources */ = {isa = PBXBuildFile; fileRef = 4AD77D15240ECA2800CD65AD /* ColumnOptionsViewController.swift */; };
		4ADE9226240F1FB900E0D99E /* AdvancedTabViewController.swift in Sources */ = {isa = PBXBuildFile; fileRef = 4ADE9225240F1FB900E0D99E /* AdvancedTabViewController.swift */; };
		4ADFAE4923E4A0760049F57A /* QuickAlert.swift in Sources */ = {isa = PBXBuildFile; fileRef = 4ADFAE4823E4A0760049F57A /* QuickAlert.swift */; };
		4AEA927E23C4EF32004F6CF9 /* MainWindowController.swift in Sources */ = {isa = PBXBuildFile; fileRef = 4AEA927D23C4EF32004F6CF9 /* MainWindowController.swift */; };
		4AEA928323C4F140004F6CF9 /* DefaultPreferenceViewController.swift in Sources */ = {isa = PBXBuildFile; fileRef = 4AEA928123C4F140004F6CF9 /* DefaultPreferenceViewController.swift */; };
		4AEA928423C4F140004F6CF9 /* DefaultPreferenceViewController.xib in Resources */ = {isa = PBXBuildFile; fileRef = 4AEA928223C4F140004F6CF9 /* DefaultPreferenceViewController.xib */; };
		4AEC4C00240F564B00B01799 /* Time Conversion.swift in Sources */ = {isa = PBXBuildFile; fileRef = 4AEC4BFF240F564B00B01799 /* Time Conversion.swift */; };
		4AEC4C02240F5BA300B01799 /* RunOptionsViewController.swift in Sources */ = {isa = PBXBuildFile; fileRef = 4AEC4C01240F5BA300B01799 /* RunOptionsViewController.swift */; };
		4AF953B523EB503100ED540C /* Timer Functions.swift in Sources */ = {isa = PBXBuildFile; fileRef = 4AF953B423EB503100ED540C /* Timer Functions.swift */; };
		4AF953B723EB507800ED540C /* Splits.swift in Sources */ = {isa = PBXBuildFile; fileRef = 4AF953B623EB507800ED540C /* Splits.swift */; };
/* End PBXBuildFile section */

/* Begin PBXContainerItemProxy section */
		4A774A5923EBCDFA002F1700 /* PBXContainerItemProxy */ = {
			isa = PBXContainerItemProxy;
			containerPortal = 4A230E8723B00A1D00959C57 /* Project object */;
			proxyType = 1;
			remoteGlobalIDString = 4A230E8E23B00A1D00959C57;
			remoteInfo = Splitter;
		};
/* End PBXContainerItemProxy section */

/* Begin PBXCopyFilesBuildPhase section */
		4AD7665C23DB5CFC0052409C /* Embed Frameworks */ = {
			isa = PBXCopyFilesBuildPhase;
			buildActionMask = 2147483647;
			dstPath = "";
			dstSubfolderSpec = 10;
			files = (
				4A66573023E3D34600D14A67 /* Pods_Splitter.framework in Embed Frameworks */,
			);
			name = "Embed Frameworks";
			runOnlyForDeploymentPostprocessing = 0;
		};
/* End PBXCopyFilesBuildPhase section */

/* Begin PBXFileReference section */
		315BBBF6C7F74CF21973C8F3 /* Pods-Splitter.release.xcconfig */ = {isa = PBXFileReference; includeInIndex = 1; lastKnownFileType = text.xcconfig; name = "Pods-Splitter.release.xcconfig"; path = "Target Support Files/Pods-Splitter/Pods-Splitter.release.xcconfig"; sourceTree = "<group>"; };
		4A0F715E23F4A0A500E5948E /* SplitterDoc.swift */ = {isa = PBXFileReference; lastKnownFileType = sourcecode.swift; path = SplitterDoc.swift; sourceTree = "<group>"; };
		4A0F716223F4A9E400E5948E /* SplitterDocBundle.swift */ = {isa = PBXFileReference; lastKnownFileType = sourcecode.swift; path = SplitterDocBundle.swift; sourceTree = "<group>"; };
		4A1657B023EA4EF60008CB5F /* Menu Items.swift */ = {isa = PBXFileReference; lastKnownFileType = sourcecode.swift; path = "Menu Items.swift"; sourceTree = "<group>"; };
		4A1657B223EA4F3C0008CB5F /* Button Actions.swift */ = {isa = PBXFileReference; lastKnownFileType = sourcecode.swift; path = "Button Actions.swift"; sourceTree = "<group>"; };
		4A1657B423EA5C320008CB5F /* Icon Actions.swift */ = {isa = PBXFileReference; lastKnownFileType = sourcecode.swift; path = "Icon Actions.swift"; sourceTree = "<group>"; };
		4A18662D23C51D2800FEEE54 /* UISettings.swift */ = {isa = PBXFileReference; lastKnownFileType = sourcecode.swift; path = UISettings.swift; sourceTree = "<group>"; };
		4A18662F23C5257800FEEE54 /* MenuItemConstants.swift */ = {isa = PBXFileReference; lastKnownFileType = sourcecode.swift; path = MenuItemConstants.swift; sourceTree = "<group>"; };
		4A18663123C5376900FEEE54 /* SettingsKeys.swift */ = {isa = PBXFileReference; lastKnownFileType = sourcecode.swift; path = SettingsKeys.swift; sourceTree = "<group>"; };
		4A1C1464240ECD610056B104 /* ViewControllerID.swift */ = {isa = PBXFileReference; lastKnownFileType = sourcecode.swift; path = ViewControllerID.swift; sourceTree = "<group>"; };
		4A1C1467240ED30C0056B104 /* InfoOptionsViewController.swift */ = {isa = PBXFileReference; lastKnownFileType = sourcecode.swift; path = InfoOptionsViewController.swift; sourceTree = "<group>"; };
		4A230E8F23B00A1D00959C57 /* Splitter.app */ = {isa = PBXFileReference; explicitFileType = wrapper.application; includeInIndex = 0; path = Splitter.app; sourceTree = BUILT_PRODUCTS_DIR; };
		4A230E9223B00A1D00959C57 /* AppDelegate.swift */ = {isa = PBXFileReference; lastKnownFileType = sourcecode.swift; path = AppDelegate.swift; sourceTree = "<group>"; };
		4A230E9423B00A1D00959C57 /* ViewController.swift */ = {isa = PBXFileReference; lastKnownFileType = sourcecode.swift; path = ViewController.swift; sourceTree = "<group>"; };
		4A230E9623B00A1D00959C57 /* Document.swift */ = {isa = PBXFileReference; lastKnownFileType = sourcecode.swift; path = Document.swift; sourceTree = "<group>"; };
		4A230E9B23B00A1E00959C57 /* Base */ = {isa = PBXFileReference; lastKnownFileType = file.storyboard; name = Base; path = Base.lproj/Main.storyboard; sourceTree = "<group>"; };
		4A230E9D23B00A1E00959C57 /* Info.plist */ = {isa = PBXFileReference; lastKnownFileType = text.plist.xml; path = Info.plist; sourceTree = "<group>"; };
		4A230E9E23B00A1E00959C57 /* Splitter.entitlements */ = {isa = PBXFileReference; lastKnownFileType = text.plist.entitlements; path = Splitter.entitlements; sourceTree = "<group>"; };
		4A327B0C23F491FB00A5CBFF /* splitterAppearance.swift */ = {isa = PBXFileReference; lastKnownFileType = sourcecode.swift; path = splitterAppearance.swift; sourceTree = "<group>"; };
		4A3BDFA023E4C3B6001EA7FF /* DefaultHotkeys.swift */ = {isa = PBXFileReference; lastKnownFileType = sourcecode.swift; path = DefaultHotkeys.swift; sourceTree = "<group>"; };
		4A45BCF624084B3800F1A223 /* TimeSplitCell.swift */ = {isa = PBXFileReference; lastKnownFileType = sourcecode.swift; path = TimeSplitCell.swift; sourceTree = "<group>"; };
		4A4D391E23C4F29C00BF3FCD /* blankWindow.xib */ = {isa = PBXFileReference; lastKnownFileType = file.xib; path = blankWindow.xib; sourceTree = "<group>"; };
		4A4D392023C4FAE500BF3FCD /* HotkeysViewController.swift */ = {isa = PBXFileReference; lastKnownFileType = sourcecode.swift; path = HotkeysViewController.swift; sourceTree = "<group>"; };
		4A4D392123C4FAE500BF3FCD /* HotkeysViewController.xib */ = {isa = PBXFileReference; lastKnownFileType = file.xib; path = HotkeysViewController.xib; sourceTree = "<group>"; };
		4A5947D723F36E3A00827306 /* SplitsIOExchangeFormat.swift */ = {isa = PBXFileReference; lastKnownFileType = sourcecode.swift; path = SplitsIOExchangeFormat.swift; sourceTree = "<group>"; };
		4A5C1D1423F4AFB80014E8D3 /* commonPaths.swift */ = {isa = PBXFileReference; lastKnownFileType = sourcecode.swift; path = commonPaths.swift; sourceTree = "<group>"; };
		4A5F10AD23CFAA1F00DA043B /* Assets.xcassets */ = {isa = PBXFileReference; lastKnownFileType = folder.assetcatalog; path = Assets.xcassets; sourceTree = "<group>"; };
		4A617EBD23EBC65C0005D60E /* LiveSplit.swift */ = {isa = PBXFileReference; lastKnownFileType = sourcecode.swift; path = LiveSplit.swift; sourceTree = "<group>"; };
		4A66A42F23DE2682005952FA /* ImageButtonCellView.swift */ = {isa = PBXFileReference; lastKnownFileType = sourcecode.swift; path = ImageButtonCellView.swift; sourceTree = "<group>"; };
		4A66A43123DE2C88005952FA /* SplitTableViewColumnIdentifiers.swift */ = {isa = PBXFileReference; lastKnownFileType = sourcecode.swift; path = SplitTableViewColumnIdentifiers.swift; sourceTree = "<group>"; };
		4A66A43323DE391B005952FA /* ShowHideUI.swift */ = {isa = PBXFileReference; lastKnownFileType = sourcecode.swift; path = ShowHideUI.swift; sourceTree = "<group>"; };
		4A6A3BDF23CD1C39002C20AE /* GlobalKeybindPrefs.swift */ = {isa = PBXFileReference; lastKnownFileType = sourcecode.swift; path = GlobalKeybindPrefs.swift; sourceTree = "<group>"; };
		4A6A3BE123CD1C7A002C20AE /* Storage.swift */ = {isa = PBXFileReference; lastKnownFileType = sourcecode.swift; path = Storage.swift; sourceTree = "<group>"; };
		4A6A3BE323CD621A002C20AE /* MainWindow.swift */ = {isa = PBXFileReference; lastKnownFileType = sourcecode.swift; path = MainWindow.swift; sourceTree = "<group>"; };
		4A6A3BE523CD6463002C20AE /* BlankWindowController.swift */ = {isa = PBXFileReference; lastKnownFileType = sourcecode.swift; path = BlankWindowController.swift; sourceTree = "<group>"; };
		4A6B4F7223F07C1500CB781F /* liblivesplit_core.a */ = {isa = PBXFileReference; lastKnownFileType = archive.ar; name = liblivesplit_core.a; path = "livesplit-core/target/release/liblivesplit_core.a"; sourceTree = "<group>"; };
		4A6C312923FF366C00BBE4BB /* SplitterDocIcon.icns */ = {isa = PBXFileReference; lastKnownFileType = image.icns; path = SplitterDocIcon.icns; sourceTree = "<group>"; };
		4A73B75023F0722800010F30 /* libresolv.tbd */ = {isa = PBXFileReference; lastKnownFileType = "sourcecode.text-based-dylib-definition"; name = libresolv.tbd; path = usr/lib/libresolv.tbd; sourceTree = SDKROOT; };
		4A774A5423EBCDFA002F1700 /* SplitterTests.xctest */ = {isa = PBXFileReference; explicitFileType = wrapper.cfbundle; includeInIndex = 0; path = SplitterTests.xctest; sourceTree = BUILT_PRODUCTS_DIR; };
		4A774A5623EBCDFA002F1700 /* SplitterTests.swift */ = {isa = PBXFileReference; lastKnownFileType = sourcecode.swift; path = SplitterTests.swift; sourceTree = "<group>"; };
		4A774A5823EBCDFA002F1700 /* Info.plist */ = {isa = PBXFileReference; lastKnownFileType = text.plist.xml; path = Info.plist; sourceTree = "<group>"; };
		4A7DDCE123BBDD0900A36AD1 /* Credits.html */ = {isa = PBXFileReference; lastKnownFileType = text.html; path = Credits.html; sourceTree = "<group>"; };
		4A81449C23BAAFA2000FAC3C /* Super Mario 3D Land Any%.json */ = {isa = PBXFileReference; fileEncoding = 4; lastKnownFileType = text.json; path = "Super Mario 3D Land Any%.json"; sourceTree = "<group>"; };
		4A81449D23BAAFA2000FAC3C /* Super Mario Odyssey Any%.json */ = {isa = PBXFileReference; fileEncoding = 4; lastKnownFileType = text.json; path = "Super Mario Odyssey Any%.json"; sourceTree = "<group>"; };
		4A85471723C66D42001F968F /* GamepadIcon.icns */ = {isa = PBXFileReference; lastKnownFileType = image.icns; path = GamepadIcon.icns; sourceTree = "<group>"; };
		4A87265423BD53F8003A14AF /* runInfo.swift */ = {isa = PBXFileReference; fileEncoding = 4; lastKnownFileType = sourcecode.swift; path = runInfo.swift; sourceTree = "<group>"; };
		4A87265623BD5423003A14AF /* Prefs.swift */ = {isa = PBXFileReference; lastKnownFileType = sourcecode.swift; path = Prefs.swift; sourceTree = "<group>"; };
		4A87DEA423F251C700975EB8 /* livesplit.icns */ = {isa = PBXFileReference; lastKnownFileType = image.icns; path = livesplit.icns; sourceTree = "<group>"; };
		4A968C7B23F1F5FE001B74E8 /* lss.swift */ = {isa = PBXFileReference; lastKnownFileType = sourcecode.swift; path = lss.swift; sourceTree = "<group>"; };
		4A99812F23F9ECE50037BF98 /* KeybindHandlers.swift */ = {isa = PBXFileReference; lastKnownFileType = sourcecode.swift; path = KeybindHandlers.swift; sourceTree = "<group>"; };
		4A9DB791240847E40000D1B4 /* TimeSplitColumn.swift */ = {isa = PBXFileReference; lastKnownFileType = sourcecode.swift; path = TimeSplitColumn.swift; sourceTree = "<group>"; };
		4AA3DAB323E23DA900ADFA4A /* IconButton.swift */ = {isa = PBXFileReference; lastKnownFileType = sourcecode.swift; path = IconButton.swift; sourceTree = "<group>"; };
		4AB3B93D23D96C10009C6AA6 /* Quartz.framework */ = {isa = PBXFileReference; lastKnownFileType = wrapper.framework; name = Quartz.framework; path = System/Library/Frameworks/Quartz.framework; sourceTree = SDKROOT; };
		4AC24DB923EB4EC5003008BF /* Split Table Row.swift */ = {isa = PBXFileReference; lastKnownFileType = sourcecode.swift; path = "Split Table Row.swift"; sourceTree = "<group>"; };
		4AC24DBB23EB4F17003008BF /* Split Table View.swift */ = {isa = PBXFileReference; lastKnownFileType = sourcecode.swift; path = "Split Table View.swift"; sourceTree = "<group>"; };
		4ACCEA7723B02F520068F89E /* TimeSplit.swift */ = {isa = PBXFileReference; lastKnownFileType = sourcecode.swift; path = TimeSplit.swift; sourceTree = "<group>"; };
		4AD7663123DB5C3A0052409C /* ImportExportSplitsIO.swift */ = {isa = PBXFileReference; lastKnownFileType = sourcecode.swift; path = ImportExportSplitsIO.swift; sourceTree = "<group>"; };
		4AD7665923DB5CFC0052409C /* SplitsIOExchangeFramework.framework */ = {isa = PBXFileReference; explicitFileType = wrapper.framework; path = SplitsIOExchangeFramework.framework; sourceTree = BUILT_PRODUCTS_DIR; };
		4AD77D15240ECA2800CD65AD /* ColumnOptionsViewController.swift */ = {isa = PBXFileReference; lastKnownFileType = sourcecode.swift; path = ColumnOptionsViewController.swift; sourceTree = "<group>"; };
		4ADE9225240F1FB900E0D99E /* AdvancedTabViewController.swift */ = {isa = PBXFileReference; lastKnownFileType = sourcecode.swift; path = AdvancedTabViewController.swift; sourceTree = "<group>"; };
		4ADFAE4823E4A0760049F57A /* QuickAlert.swift */ = {isa = PBXFileReference; lastKnownFileType = sourcecode.swift; path = QuickAlert.swift; sourceTree = "<group>"; };
		4AEA927D23C4EF32004F6CF9 /* MainWindowController.swift */ = {isa = PBXFileReference; fileEncoding = 4; lastKnownFileType = sourcecode.swift; path = MainWindowController.swift; sourceTree = "<group>"; };
		4AEA928123C4F140004F6CF9 /* DefaultPreferenceViewController.swift */ = {isa = PBXFileReference; lastKnownFileType = sourcecode.swift; path = DefaultPreferenceViewController.swift; sourceTree = "<group>"; };
		4AEA928223C4F140004F6CF9 /* DefaultPreferenceViewController.xib */ = {isa = PBXFileReference; lastKnownFileType = file.xib; path = DefaultPreferenceViewController.xib; sourceTree = "<group>"; };
		4AEC4BFF240F564B00B01799 /* Time Conversion.swift */ = {isa = PBXFileReference; lastKnownFileType = sourcecode.swift; path = "Time Conversion.swift"; sourceTree = "<group>"; };
		4AEC4C01240F5BA300B01799 /* RunOptionsViewController.swift */ = {isa = PBXFileReference; lastKnownFileType = sourcecode.swift; path = RunOptionsViewController.swift; sourceTree = "<group>"; };
		4AF953B423EB503100ED540C /* Timer Functions.swift */ = {isa = PBXFileReference; lastKnownFileType = sourcecode.swift; path = "Timer Functions.swift"; sourceTree = "<group>"; };
		4AF953B623EB507800ED540C /* Splits.swift */ = {isa = PBXFileReference; lastKnownFileType = sourcecode.swift; path = Splits.swift; sourceTree = "<group>"; };
		4AF9D75B23ECD5110019BC9A /* livesplit_core.h */ = {isa = PBXFileReference; fileEncoding = 4; lastKnownFileType = sourcecode.c.h; path = livesplit_core.h; sourceTree = "<group>"; };
		4AF9D75D23ECD5110019BC9A /* module.map */ = {isa = PBXFileReference; fileEncoding = 4; lastKnownFileType = "sourcecode.module-map"; path = module.map; sourceTree = "<group>"; };
		4AF9D76223ECD59A0019BC9A /* Splitter-Bridging-Header.h */ = {isa = PBXFileReference; lastKnownFileType = sourcecode.c.h; path = "Splitter-Bridging-Header.h"; sourceTree = "<group>"; };
		4AF9D76423ECD7520019BC9A /* LiveSplitCore.swift */ = {isa = PBXFileReference; fileEncoding = 4; lastKnownFileType = sourcecode.swift; path = LiveSplitCore.swift; sourceTree = "<group>"; };
		8449BCD82A49C16B0E9C6FE9 /* Pods_Splitter.framework */ = {isa = PBXFileReference; explicitFileType = wrapper.framework; includeInIndex = 0; path = Pods_Splitter.framework; sourceTree = BUILT_PRODUCTS_DIR; };
		DA7F899990BEE93BD95DE562 /* Pods-Splitter.debug.xcconfig */ = {isa = PBXFileReference; includeInIndex = 1; lastKnownFileType = text.xcconfig; name = "Pods-Splitter.debug.xcconfig"; path = "Target Support Files/Pods-Splitter/Pods-Splitter.debug.xcconfig"; sourceTree = "<group>"; };
/* End PBXFileReference section */

/* Begin PBXFrameworksBuildPhase section */
		4A230E8C23B00A1D00959C57 /* Frameworks */ = {
			isa = PBXFrameworksBuildPhase;
			buildActionMask = 2147483647;
			files = (
				4AD7662E23DA5F9A0052409C /* Files in Frameworks */,
				4A6B4F7323F07C2B00CB781F /* liblivesplit_core.a in Frameworks */,
				4A66572F23E3D34600D14A67 /* Pods_Splitter.framework in Frameworks */,
				4A6B4F7423F07C3900CB781F /* libresolv.tbd in Frameworks */,
			);
			runOnlyForDeploymentPostprocessing = 0;
		};
		4A774A5123EBCDFA002F1700 /* Frameworks */ = {
			isa = PBXFrameworksBuildPhase;
			buildActionMask = 2147483647;
			files = (
			);
			runOnlyForDeploymentPostprocessing = 0;
		};
/* End PBXFrameworksBuildPhase section */

/* Begin PBXGroup section */
		0721BB701FB4FFBBA3F65AE9 /* Frameworks */ = {
			isa = PBXGroup;
			children = (
				4A6B4F7223F07C1500CB781F /* liblivesplit_core.a */,
				4A73B75023F0722800010F30 /* libresolv.tbd */,
				4AD7665923DB5CFC0052409C /* SplitsIOExchangeFramework.framework */,
				8449BCD82A49C16B0E9C6FE9 /* Pods_Splitter.framework */,
				4AB3B93D23D96C10009C6AA6 /* Quartz.framework */,
			);
			name = Frameworks;
			sourceTree = "<group>";
		};
		4A0F716423F4A9F500E5948E /* Common */ = {
			isa = PBXGroup;
			children = (
				4A0F715E23F4A0A500E5948E /* SplitterDoc.swift */,
				4A0F716223F4A9E400E5948E /* SplitterDocBundle.swift */,
			);
			path = Common;
			sourceTree = "<group>";
		};
		4A0F716523F4AA1500E5948E /* File Types */ = {
			isa = PBXGroup;
			children = (
				4A0F716423F4A9F500E5948E /* Common */,
				4AFCC52523C63F4E002216F1 /* Other Formats */,
				4AD780C423D506710068CDE3 /* Native */,
			);
			path = "File Types";
			sourceTree = "<group>";
		};
		4A1657AF23EA4EE20008CB5F /* View Controller */ = {
			isa = PBXGroup;
			children = (
				4A230E9423B00A1D00959C57 /* ViewController.swift */,
				4A1C1464240ECD610056B104 /* ViewControllerID.swift */,
				4AF953B623EB507800ED540C /* Splits.swift */,
				4AF953B423EB503100ED540C /* Timer Functions.swift */,
				4A1C1466240ED2F00056B104 /* Options Windows */,
				4AC24DBD23EB4F73003008BF /* Split Table View */,
				4A1657B423EA5C320008CB5F /* Icon Actions.swift */,
				4A1657B223EA4F3C0008CB5F /* Button Actions.swift */,
				4A230E9A23B00A1E00959C57 /* Main.storyboard */,
				4A1657B023EA4EF60008CB5F /* Menu Items.swift */,
			);
			path = "View Controller";
			sourceTree = "<group>";
		};
		4A1C1466240ED2F00056B104 /* Options Windows */ = {
			isa = PBXGroup;
			children = (
				4AD77D15240ECA2800CD65AD /* ColumnOptionsViewController.swift */,
				4A1C1467240ED30C0056B104 /* InfoOptionsViewController.swift */,
				4AEC4C01240F5BA300B01799 /* RunOptionsViewController.swift */,
				4ADE9225240F1FB900E0D99E /* AdvancedTabViewController.swift */,
			);
			path = "Options Windows";
			sourceTree = "<group>";
		};
		4A230E8623B00A1D00959C57 = {
			isa = PBXGroup;
			children = (
				4A230E9123B00A1D00959C57 /* Splitter */,
				4A774A5523EBCDFA002F1700 /* SplitterTests */,
				4A230E9023B00A1D00959C57 /* Products */,
				D37BEB9F742A1CC70715DDD3 /* Pods */,
				0721BB701FB4FFBBA3F65AE9 /* Frameworks */,
			);
			sourceTree = "<group>";
		};
		4A230E9023B00A1D00959C57 /* Products */ = {
			isa = PBXGroup;
			children = (
				4A230E8F23B00A1D00959C57 /* Splitter.app */,
				4A774A5423EBCDFA002F1700 /* SplitterTests.xctest */,
			);
			name = Products;
			sourceTree = "<group>";
		};
		4A230E9123B00A1D00959C57 /* Splitter */ = {
			isa = PBXGroup;
			children = (
				4AF9D76223ECD59A0019BC9A /* Splitter-Bridging-Header.h */,
				4AF9D75623ECD4790019BC9A /* LiveSplit Core */,
				4AD780C323D5065B0068CDE3 /* Data */,
				4AFCC52323C63F1E002216F1 /* Prefs */,
				4A85471723C66D42001F968F /* GamepadIcon.icns */,
				4A6C312923FF366C00BBE4BB /* SplitterDocIcon.icns */,
				4A230E9223B00A1D00959C57 /* AppDelegate.swift */,
				4AFCC52423C63F3E002216F1 /* UI */,
				4A7DDCE123BBDD0900A36AD1 /* Credits.html */,
				4A5F10AD23CFAA1F00DA043B /* Assets.xcassets */,
				4A81449C23BAAFA2000FAC3C /* Super Mario 3D Land Any%.json */,
				4A81449D23BAAFA2000FAC3C /* Super Mario Odyssey Any%.json */,
				4A230E9D23B00A1E00959C57 /* Info.plist */,
				4A230E9E23B00A1E00959C57 /* Splitter.entitlements */,
			);
			path = Splitter;
			sourceTree = "<group>";
		};
		4A5F10AC23CF754E00DA043B /* Hotkeys */ = {
			isa = PBXGroup;
			children = (
				4A4D392123C4FAE500BF3FCD /* HotkeysViewController.xib */,
				4A4D392023C4FAE500BF3FCD /* HotkeysViewController.swift */,
				4A6A3BDF23CD1C39002C20AE /* GlobalKeybindPrefs.swift */,
				4A6A3BE123CD1C7A002C20AE /* Storage.swift */,
				4A3BDFA023E4C3B6001EA7FF /* DefaultHotkeys.swift */,
				4A99812F23F9ECE50037BF98 /* KeybindHandlers.swift */,
			);
			path = Hotkeys;
			sourceTree = "<group>";
		};
		4A66A43523DE3921005952FA /* UI Settings */ = {
			isa = PBXGroup;
			children = (
				4A18662D23C51D2800FEEE54 /* UISettings.swift */,
				4A66A43323DE391B005952FA /* ShowHideUI.swift */,
			);
			path = "UI Settings";
			sourceTree = "<group>";
		};
		4A774A5523EBCDFA002F1700 /* SplitterTests */ = {
			isa = PBXGroup;
			children = (
				4A774A5623EBCDFA002F1700 /* SplitterTests.swift */,
				4A774A5823EBCDFA002F1700 /* Info.plist */,
			);
			path = SplitterTests;
			sourceTree = "<group>";
		};
		4AC24DBD23EB4F73003008BF /* Split Table View */ = {
			isa = PBXGroup;
			children = (
				4AC24DB923EB4EC5003008BF /* Split Table Row.swift */,
				4AC24DBB23EB4F17003008BF /* Split Table View.swift */,
				4A9DB791240847E40000D1B4 /* TimeSplitColumn.swift */,
				4A66A43123DE2C88005952FA /* SplitTableViewColumnIdentifiers.swift */,
				4A45BCF624084B3800F1A223 /* TimeSplitCell.swift */,
			);
			path = "Split Table View";
			sourceTree = "<group>";
		};
		4AD780C323D5065B0068CDE3 /* Data */ = {
			isa = PBXGroup;
			children = (
				4A5C1D1423F4AFB80014E8D3 /* commonPaths.swift */,
				4AEC4BFF240F564B00B01799 /* Time Conversion.swift */,
				4ACCEA7723B02F520068F89E /* TimeSplit.swift */,
				4A0F716523F4AA1500E5948E /* File Types */,
			);
			path = Data;
			sourceTree = "<group>";
		};
		4AD780C423D506710068CDE3 /* Native */ = {
			isa = PBXGroup;
			children = (
				4A87265423BD53F8003A14AF /* runInfo.swift */,
				4A327B0C23F491FB00A5CBFF /* splitterAppearance.swift */,
				4A230E9623B00A1D00959C57 /* Document.swift */,
			);
			path = Native;
			sourceTree = "<group>";
		};
		4AF9D75623ECD4790019BC9A /* LiveSplit Core */ = {
			isa = PBXGroup;
			children = (
				4AF9D75B23ECD5110019BC9A /* livesplit_core.h */,
				4AF9D76423ECD7520019BC9A /* LiveSplitCore.swift */,
				4AF9D75D23ECD5110019BC9A /* module.map */,
			);
			path = "LiveSplit Core";
			sourceTree = "<group>";
		};
		4AFCC52323C63F1E002216F1 /* Prefs */ = {
			isa = PBXGroup;
			children = (
				4AEA928123C4F140004F6CF9 /* DefaultPreferenceViewController.swift */,
				4AEA928223C4F140004F6CF9 /* DefaultPreferenceViewController.xib */,
				4A18663123C5376900FEEE54 /* SettingsKeys.swift */,
				4A87DEA423F251C700975EB8 /* livesplit.icns */,
				4A87265623BD5423003A14AF /* Prefs.swift */,
				4A66A43523DE3921005952FA /* UI Settings */,
				4A5F10AC23CF754E00DA043B /* Hotkeys */,
			);
			path = Prefs;
			sourceTree = "<group>";
		};
		4AFCC52423C63F3E002216F1 /* UI */ = {
			isa = PBXGroup;
			children = (
				4A1657AF23EA4EE20008CB5F /* View Controller */,
				4ADFAE4823E4A0760049F57A /* QuickAlert.swift */,
				4A66A42F23DE2682005952FA /* ImageButtonCellView.swift */,
				4A6A3BE323CD621A002C20AE /* MainWindow.swift */,
				4A4D391E23C4F29C00BF3FCD /* blankWindow.xib */,
				4AEA927D23C4EF32004F6CF9 /* MainWindowController.swift */,
				4A6A3BE523CD6463002C20AE /* BlankWindowController.swift */,
				4A18662F23C5257800FEEE54 /* MenuItemConstants.swift */,
				4AA3DAB323E23DA900ADFA4A /* IconButton.swift */,
			);
			path = UI;
			sourceTree = "<group>";
		};
		4AFCC52523C63F4E002216F1 /* Other Formats */ = {
			isa = PBXGroup;
			children = (
				4AD7663123DB5C3A0052409C /* ImportExportSplitsIO.swift */,
				4A617EBD23EBC65C0005D60E /* LiveSplit.swift */,
				4A5947D723F36E3A00827306 /* SplitsIOExchangeFormat.swift */,
				4A968C7B23F1F5FE001B74E8 /* lss.swift */,
			);
			path = "Other Formats";
			sourceTree = "<group>";
		};
		D37BEB9F742A1CC70715DDD3 /* Pods */ = {
			isa = PBXGroup;
			children = (
				DA7F899990BEE93BD95DE562 /* Pods-Splitter.debug.xcconfig */,
				315BBBF6C7F74CF21973C8F3 /* Pods-Splitter.release.xcconfig */,
			);
			path = Pods;
			sourceTree = "<group>";
		};
/* End PBXGroup section */

/* Begin PBXNativeTarget section */
		4A230E8E23B00A1D00959C57 /* Splitter */ = {
			isa = PBXNativeTarget;
			buildConfigurationList = 4A230EA123B00A1E00959C57 /* Build configuration list for PBXNativeTarget "Splitter" */;
			buildPhases = (
				3F9BCE07BBC9A99456CFB0F5 /* [CP] Check Pods Manifest.lock */,
				4A66573423E3E0CE00D14A67 /* ShellScript */,
				4A230E8B23B00A1D00959C57 /* Sources */,
				4A230E8C23B00A1D00959C57 /* Frameworks */,
				4A230E8D23B00A1D00959C57 /* Resources */,
				73690C583F1CA3525CDE206B /* [CP] Embed Pods Frameworks */,
				4AD7665C23DB5CFC0052409C /* Embed Frameworks */,
				4A66573523E3E0D900D14A67 /* ShellScript */,
			);
			buildRules = (
			);
			dependencies = (
			);
			name = Splitter;
			packageProductDependencies = (
				4AD7662D23DA5F9A0052409C /* Files */,
			);
			productName = Splitter;
			productReference = 4A230E8F23B00A1D00959C57 /* Splitter.app */;
			productType = "com.apple.product-type.application";
		};
		4A774A5323EBCDFA002F1700 /* SplitterTests */ = {
			isa = PBXNativeTarget;
			buildConfigurationList = 4A774A5B23EBCDFA002F1700 /* Build configuration list for PBXNativeTarget "SplitterTests" */;
			buildPhases = (
				4A774A5023EBCDFA002F1700 /* Sources */,
				4A774A5123EBCDFA002F1700 /* Frameworks */,
				4A774A5223EBCDFA002F1700 /* Resources */,
			);
			buildRules = (
			);
			dependencies = (
				4A774A5A23EBCDFA002F1700 /* PBXTargetDependency */,
			);
			name = SplitterTests;
			productName = SplitterTests;
			productReference = 4A774A5423EBCDFA002F1700 /* SplitterTests.xctest */;
			productType = "com.apple.product-type.bundle.unit-test";
		};
/* End PBXNativeTarget section */

/* Begin PBXProject section */
		4A230E8723B00A1D00959C57 /* Project object */ = {
			isa = PBXProject;
			attributes = {
				LastSwiftUpdateCheck = 1130;
				LastUpgradeCheck = 1130;
				ORGANIZATIONNAME = "Michael Berk";
				TargetAttributes = {
					4A230E8E23B00A1D00959C57 = {
						CreatedOnToolsVersion = 11.3;
					};
					4A774A5323EBCDFA002F1700 = {
						CreatedOnToolsVersion = 11.3.1;
						TestTargetID = 4A230E8E23B00A1D00959C57;
					};
				};
			};
			buildConfigurationList = 4A230E8A23B00A1D00959C57 /* Build configuration list for PBXProject "Splitter" */;
			compatibilityVersion = "Xcode 9.3";
			developmentRegion = en;
			hasScannedForEncodings = 0;
			knownRegions = (
				en,
				Base,
			);
			mainGroup = 4A230E8623B00A1D00959C57;
			packageReferences = (
				4AD7662C23DA5F9A0052409C /* XCRemoteSwiftPackageReference "Files" */,
			);
			productRefGroup = 4A230E9023B00A1D00959C57 /* Products */;
			projectDirPath = "";
			projectRoot = "";
			targets = (
				4A230E8E23B00A1D00959C57 /* Splitter */,
				4A774A5323EBCDFA002F1700 /* SplitterTests */,
			);
		};
/* End PBXProject section */

/* Begin PBXResourcesBuildPhase section */
		4A230E8D23B00A1D00959C57 /* Resources */ = {
			isa = PBXResourcesBuildPhase;
			buildActionMask = 2147483647;
			files = (
				4A4D392323C4FAE500BF3FCD /* HotkeysViewController.xib in Resources */,
				4A6C312A23FF366C00BBE4BB /* SplitterDocIcon.icns in Resources */,
				4AEA928423C4F140004F6CF9 /* DefaultPreferenceViewController.xib in Resources */,
				4A7DDCE223BBDD0900A36AD1 /* Credits.html in Resources */,
				4A87DEA523F251C700975EB8 /* livesplit.icns in Resources */,
				4A4D391F23C4F29C00BF3FCD /* blankWindow.xib in Resources */,
				4A5F10AE23CFAA1F00DA043B /* Assets.xcassets in Resources */,
				4A85471823C66D42001F968F /* GamepadIcon.icns in Resources */,
				4A230E9C23B00A1E00959C57 /* Main.storyboard in Resources */,
			);
			runOnlyForDeploymentPostprocessing = 0;
		};
		4A774A5223EBCDFA002F1700 /* Resources */ = {
			isa = PBXResourcesBuildPhase;
			buildActionMask = 2147483647;
			files = (
			);
			runOnlyForDeploymentPostprocessing = 0;
		};
/* End PBXResourcesBuildPhase section */

/* Begin PBXShellScriptBuildPhase section */
		3F9BCE07BBC9A99456CFB0F5 /* [CP] Check Pods Manifest.lock */ = {
			isa = PBXShellScriptBuildPhase;
			buildActionMask = 2147483647;
			files = (
			);
			inputFileListPaths = (
			);
			inputPaths = (
				"${PODS_PODFILE_DIR_PATH}/Podfile.lock",
				"${PODS_ROOT}/Manifest.lock",
			);
			name = "[CP] Check Pods Manifest.lock";
			outputFileListPaths = (
			);
			outputPaths = (
				"$(DERIVED_FILE_DIR)/Pods-Splitter-checkManifestLockResult.txt",
			);
			runOnlyForDeploymentPostprocessing = 0;
			shellPath = /bin/sh;
			shellScript = "diff \"${PODS_PODFILE_DIR_PATH}/Podfile.lock\" \"${PODS_ROOT}/Manifest.lock\" > /dev/null\nif [ $? != 0 ] ; then\n    # print error to STDERR\n    echo \"error: The sandbox is not in sync with the Podfile.lock. Run 'pod install' or update your CocoaPods installation.\" >&2\n    exit 1\nfi\n# This output is used by Xcode 'outputs' to avoid re-running this script phase.\necho \"SUCCESS\" > \"${SCRIPT_OUTPUT_FILE_0}\"\n";
			showEnvVarsInLog = 0;
		};
		4A66573423E3E0CE00D14A67 /* ShellScript */ = {
			isa = PBXShellScriptBuildPhase;
			buildActionMask = 2147483647;
			files = (
			);
			inputFileListPaths = (
			);
			inputPaths = (
			);
			outputFileListPaths = (
			);
			outputPaths = (
			);
			runOnlyForDeploymentPostprocessing = 0;
			shellPath = /bin/sh;
			shellScript = "# Type a script or drag a script file from your workspace to insert its path.\nif [ $CONFIGURATION == Release ]; then\n    echo \"Bumping build number...\"\n    plist=${PROJECT_DIR}/${INFOPLIST_FILE}\n\n# increment the build number (ie 115 to 116)\n    buildnum=$(/usr/libexec/PlistBuddy -c \"Print CFBundleVersion\" \"${plist}\")\n    if [[ \"${buildnum}\" == \"\" ]]; then\n        echo \"No build number in $plist\"\n        exit 2\n    fi\n\n    buildnum=$(expr $buildnum + 1)\n    /usr/libexec/Plistbuddy -c \"Set CFBundleVersion $buildnum\" \"${plist}\"\n    echo \"Bumped build number to $buildnum\"\n\nelse\n    echo $CONFIGURATION \" build - Not bumping build number.\"\nfi\n";
		};
		4A66573523E3E0D900D14A67 /* ShellScript */ = {
			isa = PBXShellScriptBuildPhase;
			buildActionMask = 2147483647;
			files = (
			);
			inputFileListPaths = (
			);
			inputPaths = (
			);
			outputFileListPaths = (
			);
			outputPaths = (
			);
			runOnlyForDeploymentPostprocessing = 0;
			shellPath = /bin/sh;
			shellScript = "# Type a script or drag a script file from your workspace to insert its path.\n#if [ $CONFIGURATION == Release ]; then\n#    echo \"Bumping build number...\"\n#    plist=${PROJECT_DIR}/${INFOPLIST_FILE}\n\n# increment the build number (ie 115 to 116)\n #   buildnum=$(/usr/libexec/PlistBuddy -c \"Print CFBundleVersion\" \"${plist}\")\n  #  if [[ \"${buildnum}\" == \"\" ]]; then\n   #     echo \"No build number in $plist\"\n    #    exit 2\n    #fi\n\n    #buildnum=$(expr $buildnum + 1)\n    #/usr/libexec/Plistbuddy -c \"Set CFBundleVersion $buildnum\" \"${plist}\"\n    #echo \"Bumped build number to $buildnum\"\n\n#else\n #   echo $CONFIGURATION \" build - Not bumping build number.\"\n#fi\n";
		};
		73690C583F1CA3525CDE206B /* [CP] Embed Pods Frameworks */ = {
			isa = PBXShellScriptBuildPhase;
			buildActionMask = 2147483647;
			files = (
			);
			inputFileListPaths = (
				"${PODS_ROOT}/Target Support Files/Pods-Splitter/Pods-Splitter-frameworks-${CONFIGURATION}-input-files.xcfilelist",
			);
			name = "[CP] Embed Pods Frameworks";
			outputFileListPaths = (
				"${PODS_ROOT}/Target Support Files/Pods-Splitter/Pods-Splitter-frameworks-${CONFIGURATION}-output-files.xcfilelist",
			);
			runOnlyForDeploymentPostprocessing = 0;
			shellPath = /bin/sh;
			shellScript = "\"${PODS_ROOT}/Target Support Files/Pods-Splitter/Pods-Splitter-frameworks.sh\"\n";
			showEnvVarsInLog = 0;
		};
/* End PBXShellScriptBuildPhase section */

/* Begin PBXSourcesBuildPhase section */
		4A230E8B23B00A1D00959C57 /* Sources */ = {
			isa = PBXSourcesBuildPhase;
			buildActionMask = 2147483647;
			files = (
				4A7C648823F05FCF008C15EF /* LiveSplitCore.swift in Sources */,
				4A6726EA23F05D17006F4BC4 /* LiveSplit.swift in Sources */,
				4A5947D823F36E3A00827306 /* SplitsIOExchangeFormat.swift in Sources */,
				4AC24DBA23EB4EC5003008BF /* Split Table Row.swift in Sources */,
				4A87265523BD53F8003A14AF /* runInfo.swift in Sources */,
				4A327B0D23F491FB00A5CBFF /* splitterAppearance.swift in Sources */,
				4A230E9523B00A1D00959C57 /* ViewController.swift in Sources */,
				4A6A3BE623CD6463002C20AE /* BlankWindowController.swift in Sources */,
				4AEC4C00240F564B00B01799 /* Time Conversion.swift in Sources */,
				4AEC4C02240F5BA300B01799 /* RunOptionsViewController.swift in Sources */,
				4A66A43223DE2C88005952FA /* SplitTableViewColumnIdentifiers.swift in Sources */,
				4A230E9323B00A1D00959C57 /* AppDelegate.swift in Sources */,
				4AC24DBC23EB4F17003008BF /* Split Table View.swift in Sources */,
				4A6726E323F05B3C006F4BC4 /* module.map in Sources */,
				4A18663223C5376900FEEE54 /* SettingsKeys.swift in Sources */,
				4A1657B123EA4EF60008CB5F /* Menu Items.swift in Sources */,
				4ADFAE4923E4A0760049F57A /* QuickAlert.swift in Sources */,
				4A18662E23C51D2800FEEE54 /* UISettings.swift in Sources */,
				4AA3DAB423E23DA900ADFA4A /* IconButton.swift in Sources */,
				4A18663023C5257800FEEE54 /* MenuItemConstants.swift in Sources */,
				4A0F716323F4A9E400E5948E /* SplitterDocBundle.swift in Sources */,
				4A4D392223C4FAE500BF3FCD /* HotkeysViewController.swift in Sources */,
				4AF953B723EB507800ED540C /* Splits.swift in Sources */,
				4A1C1465240ECD610056B104 /* ViewControllerID.swift in Sources */,
				4ACCEA7823B02F520068F89E /* TimeSplit.swift in Sources */,
				4A5C1D1523F4AFB80014E8D3 /* commonPaths.swift in Sources */,
				4AF953B523EB503100ED540C /* Timer Functions.swift in Sources */,
				4A1657B523EA5C320008CB5F /* Icon Actions.swift in Sources */,
				4A66A43423DE391B005952FA /* ShowHideUI.swift in Sources */,
				4AD77D16240ECA2800CD65AD /* ColumnOptionsViewController.swift in Sources */,
				4A6A3BE423CD621A002C20AE /* MainWindow.swift in Sources */,
				4A1657B323EA4F3C0008CB5F /* Button Actions.swift in Sources */,
				4A968C7C23F1F5FE001B74E8 /* lss.swift in Sources */,
				4A6A3BE023CD1C39002C20AE /* GlobalKeybindPrefs.swift in Sources */,
				4AD7663223DB5C3A0052409C /* ImportExportSplitsIO.swift in Sources */,
				4AEA928323C4F140004F6CF9 /* DefaultPreferenceViewController.swift in Sources */,
				4A1C1469240ED30C0056B104 /* InfoOptionsViewController.swift in Sources */,
				4A9DB792240847E40000D1B4 /* TimeSplitColumn.swift in Sources */,
				4ADE9226240F1FB900E0D99E /* AdvancedTabViewController.swift in Sources */,
				4A0F715F23F4A0A500E5948E /* SplitterDoc.swift in Sources */,
				4A66A43023DE2682005952FA /* ImageButtonCellView.swift in Sources */,
				4A3BDFA123E4C3B6001EA7FF /* DefaultHotkeys.swift in Sources */,
				4A45BCF724084B3800F1A223 /* TimeSplitCell.swift in Sources */,
				4A87265723BD5423003A14AF /* Prefs.swift in Sources */,
				4A230E9723B00A1D00959C57 /* Document.swift in Sources */,
				4A6A3BE223CD1C7A002C20AE /* Storage.swift in Sources */,
				4A99813023F9ECE50037BF98 /* KeybindHandlers.swift in Sources */,
				4AEA927E23C4EF32004F6CF9 /* MainWindowController.swift in Sources */,
			);
			runOnlyForDeploymentPostprocessing = 0;
		};
		4A774A5023EBCDFA002F1700 /* Sources */ = {
			isa = PBXSourcesBuildPhase;
			buildActionMask = 2147483647;
			files = (
				4A774A5723EBCDFA002F1700 /* SplitterTests.swift in Sources */,
			);
			runOnlyForDeploymentPostprocessing = 0;
		};
/* End PBXSourcesBuildPhase section */

/* Begin PBXTargetDependency section */
		4A774A5A23EBCDFA002F1700 /* PBXTargetDependency */ = {
			isa = PBXTargetDependency;
			target = 4A230E8E23B00A1D00959C57 /* Splitter */;
			targetProxy = 4A774A5923EBCDFA002F1700 /* PBXContainerItemProxy */;
		};
/* End PBXTargetDependency section */

/* Begin PBXVariantGroup section */
		4A230E9A23B00A1E00959C57 /* Main.storyboard */ = {
			isa = PBXVariantGroup;
			children = (
				4A230E9B23B00A1E00959C57 /* Base */,
			);
			name = Main.storyboard;
			sourceTree = "<group>";
		};
/* End PBXVariantGroup section */

/* Begin XCBuildConfiguration section */
		4A230E9F23B00A1E00959C57 /* Debug */ = {
			isa = XCBuildConfiguration;
			buildSettings = {
				ALWAYS_SEARCH_USER_PATHS = NO;
				CLANG_ANALYZER_NONNULL = YES;
				CLANG_ANALYZER_NUMBER_OBJECT_CONVERSION = YES_AGGRESSIVE;
				CLANG_CXX_LANGUAGE_STANDARD = "gnu++14";
				CLANG_CXX_LIBRARY = "libc++";
				CLANG_ENABLE_MODULES = YES;
				CLANG_ENABLE_OBJC_ARC = YES;
				CLANG_ENABLE_OBJC_WEAK = YES;
				CLANG_WARN_BLOCK_CAPTURE_AUTORELEASING = YES;
				CLANG_WARN_BOOL_CONVERSION = YES;
				CLANG_WARN_COMMA = YES;
				CLANG_WARN_CONSTANT_CONVERSION = YES;
				CLANG_WARN_DEPRECATED_OBJC_IMPLEMENTATIONS = YES;
				CLANG_WARN_DIRECT_OBJC_ISA_USAGE = YES_ERROR;
				CLANG_WARN_DOCUMENTATION_COMMENTS = YES;
				CLANG_WARN_EMPTY_BODY = YES;
				CLANG_WARN_ENUM_CONVERSION = YES;
				CLANG_WARN_INFINITE_RECURSION = YES;
				CLANG_WARN_INT_CONVERSION = YES;
				CLANG_WARN_NON_LITERAL_NULL_CONVERSION = YES;
				CLANG_WARN_OBJC_IMPLICIT_RETAIN_SELF = YES;
				CLANG_WARN_OBJC_LITERAL_CONVERSION = YES;
				CLANG_WARN_OBJC_ROOT_CLASS = YES_ERROR;
				CLANG_WARN_RANGE_LOOP_ANALYSIS = YES;
				CLANG_WARN_STRICT_PROTOTYPES = YES;
				CLANG_WARN_SUSPICIOUS_MOVE = YES;
				CLANG_WARN_UNGUARDED_AVAILABILITY = YES_AGGRESSIVE;
				CLANG_WARN_UNREACHABLE_CODE = YES;
				CLANG_WARN__DUPLICATE_METHOD_MATCH = YES;
				COPY_PHASE_STRIP = NO;
				DEBUG_INFORMATION_FORMAT = dwarf;
				ENABLE_STRICT_OBJC_MSGSEND = YES;
				ENABLE_TESTABILITY = YES;
				GCC_C_LANGUAGE_STANDARD = gnu11;
				GCC_DYNAMIC_NO_PIC = NO;
				GCC_NO_COMMON_BLOCKS = YES;
				GCC_OPTIMIZATION_LEVEL = 0;
				GCC_PREPROCESSOR_DEFINITIONS = (
					"DEBUG=1",
					"$(inherited)",
				);
				GCC_WARN_64_TO_32_BIT_CONVERSION = YES;
				GCC_WARN_ABOUT_RETURN_TYPE = YES_ERROR;
				GCC_WARN_UNDECLARED_SELECTOR = YES;
				GCC_WARN_UNINITIALIZED_AUTOS = YES_AGGRESSIVE;
				GCC_WARN_UNUSED_FUNCTION = YES;
				GCC_WARN_UNUSED_VARIABLE = YES;
				MACOSX_DEPLOYMENT_TARGET = 10.15;
				MTL_ENABLE_DEBUG_INFO = INCLUDE_SOURCE;
				MTL_FAST_MATH = YES;
				ONLY_ACTIVE_ARCH = YES;
				SDKROOT = macosx;
				SWIFT_ACTIVE_COMPILATION_CONDITIONS = DEBUG;
				SWIFT_OPTIMIZATION_LEVEL = "-Onone";
			};
			name = Debug;
		};
		4A230EA023B00A1E00959C57 /* Release */ = {
			isa = XCBuildConfiguration;
			buildSettings = {
				ALWAYS_SEARCH_USER_PATHS = NO;
				CLANG_ANALYZER_NONNULL = YES;
				CLANG_ANALYZER_NUMBER_OBJECT_CONVERSION = YES_AGGRESSIVE;
				CLANG_CXX_LANGUAGE_STANDARD = "gnu++14";
				CLANG_CXX_LIBRARY = "libc++";
				CLANG_ENABLE_MODULES = YES;
				CLANG_ENABLE_OBJC_ARC = YES;
				CLANG_ENABLE_OBJC_WEAK = YES;
				CLANG_WARN_BLOCK_CAPTURE_AUTORELEASING = YES;
				CLANG_WARN_BOOL_CONVERSION = YES;
				CLANG_WARN_COMMA = YES;
				CLANG_WARN_CONSTANT_CONVERSION = YES;
				CLANG_WARN_DEPRECATED_OBJC_IMPLEMENTATIONS = YES;
				CLANG_WARN_DIRECT_OBJC_ISA_USAGE = YES_ERROR;
				CLANG_WARN_DOCUMENTATION_COMMENTS = YES;
				CLANG_WARN_EMPTY_BODY = YES;
				CLANG_WARN_ENUM_CONVERSION = YES;
				CLANG_WARN_INFINITE_RECURSION = YES;
				CLANG_WARN_INT_CONVERSION = YES;
				CLANG_WARN_NON_LITERAL_NULL_CONVERSION = YES;
				CLANG_WARN_OBJC_IMPLICIT_RETAIN_SELF = YES;
				CLANG_WARN_OBJC_LITERAL_CONVERSION = YES;
				CLANG_WARN_OBJC_ROOT_CLASS = YES_ERROR;
				CLANG_WARN_RANGE_LOOP_ANALYSIS = YES;
				CLANG_WARN_STRICT_PROTOTYPES = YES;
				CLANG_WARN_SUSPICIOUS_MOVE = YES;
				CLANG_WARN_UNGUARDED_AVAILABILITY = YES_AGGRESSIVE;
				CLANG_WARN_UNREACHABLE_CODE = YES;
				CLANG_WARN__DUPLICATE_METHOD_MATCH = YES;
				COPY_PHASE_STRIP = NO;
				DEBUG_INFORMATION_FORMAT = "dwarf-with-dsym";
				ENABLE_NS_ASSERTIONS = NO;
				ENABLE_STRICT_OBJC_MSGSEND = YES;
				GCC_C_LANGUAGE_STANDARD = gnu11;
				GCC_NO_COMMON_BLOCKS = YES;
				GCC_WARN_64_TO_32_BIT_CONVERSION = YES;
				GCC_WARN_ABOUT_RETURN_TYPE = YES_ERROR;
				GCC_WARN_UNDECLARED_SELECTOR = YES;
				GCC_WARN_UNINITIALIZED_AUTOS = YES_AGGRESSIVE;
				GCC_WARN_UNUSED_FUNCTION = YES;
				GCC_WARN_UNUSED_VARIABLE = YES;
				MACOSX_DEPLOYMENT_TARGET = 10.15;
				MTL_ENABLE_DEBUG_INFO = NO;
				MTL_FAST_MATH = YES;
				SDKROOT = macosx;
				SWIFT_COMPILATION_MODE = wholemodule;
				SWIFT_OPTIMIZATION_LEVEL = "-O";
			};
			name = Release;
		};
		4A230EA223B00A1E00959C57 /* Debug */ = {
			isa = XCBuildConfiguration;
			baseConfigurationReference = DA7F899990BEE93BD95DE562 /* Pods-Splitter.debug.xcconfig */;
			buildSettings = {
				ASSETCATALOG_COMPILER_APPICON_NAME = AppIcon;
				CODE_SIGN_ENTITLEMENTS = Splitter/Splitter.entitlements;
				CODE_SIGN_IDENTITY = "Apple Development";
				CODE_SIGN_STYLE = Automatic;
				COMBINE_HIDPI_IMAGES = YES;
				CURRENT_PROJECT_VERSION = 32;
				DEFINES_MODULE = YES;
				DEVELOPMENT_TEAM = 39SZK2C73D;
				ENABLE_HARDENED_RUNTIME = YES;
				HEADER_SEARCH_PATHS = (
					"$(inherited)",
					"\"${PODS_CONFIGURATION_BUILD_DIR}/Keys/Keys.framework/Headers\"",
					"\"${PODS_CONFIGURATION_BUILD_DIR}/Preferences/Preferences.framework/Headers\"",
					"\"${PODS_CONFIGURATION_BUILD_DIR}/SWXMLHash/SWXMLHash.framework/Headers\"",
					"\"${PODS_CONFIGURATION_BUILD_DIR}/SwiftyXMLParser/SwiftyXMLParser.framework/Headers\"",
					"\"$(PROJECT_DIR)/Splitter/LiveSplit Core/\"",
				);
				INFOPLIST_FILE = Splitter/Info.plist;
				LD_RUNPATH_SEARCH_PATHS = (
					"$(inherited)",
					"\"@executable_path/\"",
					"@executable_path/../Frameworks",
				);
				LIBRARY_SEARCH_PATHS = (
					"$(inherited)",
					"$(PROJECT_DIR)",
					"$(PROJECT_DIR)/livesplit-core/target/release",
				);
				MACOSX_DEPLOYMENT_TARGET = 10.14;
				MARKETING_VERSION = 1.0;
				MODULEMAP_FILE = "\"$(PROJECT_DIR)/Splitter/LiveSplit Core/module.map\"";
				OTHER_CODE_SIGN_FLAGS = "";
				PRODUCT_BUNDLE_IDENTIFIER = com.mibe.Splitter;
				PRODUCT_NAME = "$(TARGET_NAME)";
				PROVISIONING_PROFILE_SPECIFIER = "";
				SWIFT_OBJC_BRIDGING_HEADER = "$(PROJECT_DIR)/Splitter/Splitter-Bridging-Header.h";
				SWIFT_VERSION = 5.0;
			};
			name = Debug;
		};
		4A230EA323B00A1E00959C57 /* Release */ = {
			isa = XCBuildConfiguration;
			baseConfigurationReference = 315BBBF6C7F74CF21973C8F3 /* Pods-Splitter.release.xcconfig */;
			buildSettings = {
				ASSETCATALOG_COMPILER_APPICON_NAME = AppIcon;
				CODE_SIGN_ENTITLEMENTS = Splitter/Splitter.entitlements;
				CODE_SIGN_IDENTITY = "Apple Development";
				CODE_SIGN_STYLE = Automatic;
				COMBINE_HIDPI_IMAGES = YES;
				CURRENT_PROJECT_VERSION = 32;
				DEFINES_MODULE = YES;
				DEVELOPMENT_TEAM = 39SZK2C73D;
				ENABLE_HARDENED_RUNTIME = YES;
				HEADER_SEARCH_PATHS = (
					"$(inherited)",
					"\"${PODS_CONFIGURATION_BUILD_DIR}/Keys/Keys.framework/Headers\"",
					"\"${PODS_CONFIGURATION_BUILD_DIR}/Preferences/Preferences.framework/Headers\"",
					"\"${PODS_CONFIGURATION_BUILD_DIR}/SWXMLHash/SWXMLHash.framework/Headers\"",
					"\"${PODS_CONFIGURATION_BUILD_DIR}/SwiftyXMLParser/SwiftyXMLParser.framework/Headers\"",
					"\"$(PROJECT_DIR)/Splitter/LiveSplit Core/\"",
				);
				INFOPLIST_FILE = Splitter/Info.plist;
				LD_RUNPATH_SEARCH_PATHS = (
					"$(inherited)",
					"\"@executable_path/\"",
					"@executable_path/../Frameworks",
				);
				LIBRARY_SEARCH_PATHS = (
					"$(inherited)",
					"$(PROJECT_DIR)",
					"$(PROJECT_DIR)/livesplit-core/target/release",
				);
				MACOSX_DEPLOYMENT_TARGET = 10.14;
				MARKETING_VERSION = 1.0;
				MODULEMAP_FILE = "\"$(PROJECT_DIR)/Splitter/LiveSplit Core/module.map\"";
				OTHER_CODE_SIGN_FLAGS = "";
				PRODUCT_BUNDLE_IDENTIFIER = com.mibe.Splitter;
				PRODUCT_NAME = "$(TARGET_NAME)";
				PROVISIONING_PROFILE_SPECIFIER = "";
				SWIFT_OBJC_BRIDGING_HEADER = "$(PROJECT_DIR)/Splitter/Splitter-Bridging-Header.h";
				SWIFT_VERSION = 5.0;
			};
			name = Release;
		};
		4A774A5C23EBCDFA002F1700 /* Debug */ = {
			isa = XCBuildConfiguration;
			buildSettings = {
				BUNDLE_LOADER = "$(TEST_HOST)";
				CODE_SIGN_STYLE = Automatic;
				COMBINE_HIDPI_IMAGES = YES;
				DEVELOPMENT_TEAM = 39SZK2C73D;
				INFOPLIST_FILE = SplitterTests/Info.plist;
				LD_RUNPATH_SEARCH_PATHS = (
					"$(inherited)",
					"@executable_path/../Frameworks",
					"@loader_path/../Frameworks",
				);
				PRODUCT_BUNDLE_IDENTIFIER = com.mibe.SplitterTests;
				PRODUCT_NAME = "$(TARGET_NAME)";
				SWIFT_VERSION = 5.0;
				TEST_HOST = "$(BUILT_PRODUCTS_DIR)/Splitter.app/Contents/MacOS/Splitter";
			};
			name = Debug;
		};
		4A774A5D23EBCDFA002F1700 /* Release */ = {
			isa = XCBuildConfiguration;
			buildSettings = {
				BUNDLE_LOADER = "$(TEST_HOST)";
				CODE_SIGN_STYLE = Automatic;
				COMBINE_HIDPI_IMAGES = YES;
				DEVELOPMENT_TEAM = 39SZK2C73D;
				INFOPLIST_FILE = SplitterTests/Info.plist;
				LD_RUNPATH_SEARCH_PATHS = (
					"$(inherited)",
					"@executable_path/../Frameworks",
					"@loader_path/../Frameworks",
				);
				PRODUCT_BUNDLE_IDENTIFIER = com.mibe.SplitterTests;
				PRODUCT_NAME = "$(TARGET_NAME)";
				SWIFT_VERSION = 5.0;
				TEST_HOST = "$(BUILT_PRODUCTS_DIR)/Splitter.app/Contents/MacOS/Splitter";
			};
			name = Release;
		};
/* End XCBuildConfiguration section */

/* Begin XCConfigurationList section */
		4A230E8A23B00A1D00959C57 /* Build configuration list for PBXProject "Splitter" */ = {
			isa = XCConfigurationList;
			buildConfigurations = (
				4A230E9F23B00A1E00959C57 /* Debug */,
				4A230EA023B00A1E00959C57 /* Release */,
			);
			defaultConfigurationIsVisible = 0;
			defaultConfigurationName = Release;
		};
		4A230EA123B00A1E00959C57 /* Build configuration list for PBXNativeTarget "Splitter" */ = {
			isa = XCConfigurationList;
			buildConfigurations = (
				4A230EA223B00A1E00959C57 /* Debug */,
				4A230EA323B00A1E00959C57 /* Release */,
			);
			defaultConfigurationIsVisible = 0;
			defaultConfigurationName = Release;
		};
		4A774A5B23EBCDFA002F1700 /* Build configuration list for PBXNativeTarget "SplitterTests" */ = {
			isa = XCConfigurationList;
			buildConfigurations = (
				4A774A5C23EBCDFA002F1700 /* Debug */,
				4A774A5D23EBCDFA002F1700 /* Release */,
			);
			defaultConfigurationIsVisible = 0;
			defaultConfigurationName = Release;
		};
/* End XCConfigurationList section */

/* Begin XCRemoteSwiftPackageReference section */
		4AD7662C23DA5F9A0052409C /* XCRemoteSwiftPackageReference "Files" */ = {
			isa = XCRemoteSwiftPackageReference;
			repositoryURL = "https://github.com/JohnSundell/Files";
			requirement = {
				kind = upToNextMajorVersion;
				minimumVersion = 4.1.1;
			};
		};
/* End XCRemoteSwiftPackageReference section */

/* Begin XCSwiftPackageProductDependency section */
		4AD7662D23DA5F9A0052409C /* Files */ = {
			isa = XCSwiftPackageProductDependency;
			package = 4AD7662C23DA5F9A0052409C /* XCRemoteSwiftPackageReference "Files" */;
			productName = Files;
		};
/* End XCSwiftPackageProductDependency section */
	};
	rootObject = 4A230E8723B00A1D00959C57 /* Project object */;
}
