PODS:
  - AppCenter (2.5.3):
    - AppCenter/Analytics (= 2.5.3)
    - AppCenter/Crashes (= 2.5.3)
  - AppCenter/Analytics (2.5.3):
    - AppCenter/Core
  - AppCenter/Core (2.5.3)
  - AppCenter/Crashes (2.5.3):
    - AppCenter/Core
  - Keys (1.0.1)
  - MASShortcut (2.4.0)
  - Preferences (1.0.1)
  - ShortcutRecorder (3.1)
  - Sparkle (1.22.0)

DEPENDENCIES:
  - AppCenter
  - Keys (from `Pods/CocoaPodsKeys`)
  - MASShortcut
  - Preferences
  - ShortcutRecorder
  - Sparkle

SPEC REPOS:
  trunk:
    - AppCenter
    - MASShortcut
    - Preferences
    - ShortcutRecorder
    - Sparkle

EXTERNAL SOURCES:
  Keys:
    :path: Pods/CocoaPodsKeys

SPEC CHECKSUMS:
  AppCenter: 765ff38c4d360fc5ec61b61a8be24d74cd6d4d83
  Keys: a576f4c9c1c641ca913a959a9c62ed3f215a8de9
  MASShortcut: d9e4909e878661cc42877cc9d6efbe638273ab57
  Preferences: a5afbe0ae3e6bd886328b1960f4998e65d58f2c4
  ShortcutRecorder: fdf620aca34101b0cba3b10fca815e0459254189
  Sparkle: 593ac2e677c07bcb6c3b22d621240e7cbedaab57

PODFILE CHECKSUM: 5ffb0eb262233a54a64f03ce7227c58c733ae32c

COCOAPODS: 1.8.4
