PODS:
  - Keys (1.0.1)
  - MASShortcut (2.4.0)

DEPENDENCIES:
  - Keys (from `Pods/CocoaPodsKeys`)
  - MASShortcut

SPEC REPOS:
  trunk:
    - MASShortcut

EXTERNAL SOURCES:
  Keys:
    :path: Pods/CocoaPodsKeys

SPEC CHECKSUMS:
  Keys: a576f4c9c1c641ca913a959a9c62ed3f215a8de9
  MASShortcut: d9e4909e878661cc42877cc9d6efbe638273ab57

PODFILE CHECKSUM: ee75fcd361a8d3aaa989c8d2e007d384c86f9830

COCOAPODS: 1.9.3
