// !$*UTF8*$!
{
	archiveVersion = 1;
	classes = {
	};
	objectVersion = 55;
	objects = {

/* Begin PBXBuildFile section */
		4A6C4D16279B2681004D818C /* LiveSplitKit.docc in Sources */ = {isa = PBXBuildFile; fileRef = 4A6C4D15279B2681004D818C /* LiveSplitKit.docc */; };
		4A6C4D1C279B2681004D818C /* LiveSplitKit.framework in Frameworks */ = {isa = PBXBuildFile; fileRef = 4A6C4D11279B2681004D818C /* LiveSplitKit.framework */; };
		4A6C4D21279B2681004D818C /* LiveSplitKitTests.swift in Sources */ = {isa = PBXBuildFile; fileRef = 4A6C4D20279B2681004D818C /* LiveSplitKitTests.swift */; };
		4A6C4D22279B2681004D818C /* LiveSplitKit.h in Headers */ = {isa = PBXBuildFile; fileRef = 4A6C4D14279B2681004D818C /* LiveSplitKit.h */; settings = {ATTRIBUTES = (Public, ); }; };
		4A6C4D35279B26CF004D818C /* LSKit.swift in Sources */ = {isa = PBXBuildFile; fileRef = 4A6C4D34279B26CF004D818C /* LSKit.swift */; };
		4A6C4D36279B2757004D818C /* livesplit_core.h in Headers */ = {isa = PBXBuildFile; fileRef = 4A6C4D2E279B26AD004D818C /* livesplit_core.h */; settings = {ATTRIBUTES = (Public, ); }; };
		4A6C4D43279B2B66004D818C /* SwiftyJSON in Frameworks */ = {isa = PBXBuildFile; productRef = 4A6C4D42279B2B66004D818C /* SwiftyJSON */; };
		4A6C4D46279B2B72004D818C /* Codextended in Frameworks */ = {isa = PBXBuildFile; productRef = 4A6C4D45279B2B72004D818C /* Codextended */; };
		4A6C4D4B279B2E15004D818C /* LiveSplitCore.swift in Sources */ = {isa = PBXBuildFile; fileRef = 4A6C4D2D279B26AD004D818C /* LiveSplitCore.swift */; };
		4A6C4D4C279B3190004D818C /* LiveSplitCore Extensions.swift in Sources */ = {isa = PBXBuildFile; fileRef = 4A6C4D2C279B26AD004D818C /* LiveSplitCore Extensions.swift */; };
		4A6C4D4E279B31B5004D818C /* TimeComparison.swift in Sources */ = {isa = PBXBuildFile; fileRef = 4A6C4D4D279B31B5004D818C /* TimeComparison.swift */; };
		4A6C4D52279B3257004D818C /* Color.swift in Sources */ = {isa = PBXBuildFile; fileRef = 4A6C4D51279B3257004D818C /* Color.swift */; };
		4A6C4D53279B3280004D818C /* RunEditorState.swift in Sources */ = {isa = PBXBuildFile; fileRef = 4A6C4D30279B26AD004D818C /* RunEditorState.swift */; };
		4A7425DA27ED0F14005BD6F6 /* LSCoreTesting.swift in Sources */ = {isa = PBXBuildFile; fileRef = 4A7425D927ED0F13005BD6F6 /* LSCoreTesting.swift */; };
		4A7425DE27ED1799005BD6F6 /* Font.swift in Sources */ = {isa = PBXBuildFile; fileRef = 4A7425DD27ED1799005BD6F6 /* Font.swift */; };
		4A8104F32A3235BF00B64272 /* Font+NSFont.swift in Sources */ = {isa = PBXBuildFile; fileRef = 4A8104F22A3235BF00B64272 /* Font+NSFont.swift */; };
		4AC24203291AE34D009C641A /* liblivesplit_core.a in Frameworks */ = {isa = PBXBuildFile; fileRef = 4AC241F8291AE33B009C641A /* liblivesplit_core.a */; };
/* End PBXBuildFile section */

/* Begin PBXContainerItemProxy section */
		4A6C4D1D279B2681004D818C /* PBXContainerItemProxy */ = {
			isa = PBXContainerItemProxy;
			containerPortal = 4A6C4D08279B2681004D818C /* Project object */;
			proxyType = 1;
			remoteGlobalIDString = 4A6C4D10279B2681004D818C;
			remoteInfo = LiveSplitKit;
		};
/* End PBXContainerItemProxy section */

/* Begin PBXFileReference section */
		4A6C4D11279B2681004D818C /* LiveSplitKit.framework */ = {isa = PBXFileReference; explicitFileType = wrapper.framework; includeInIndex = 0; path = LiveSplitKit.framework; sourceTree = BUILT_PRODUCTS_DIR; };
		4A6C4D14279B2681004D818C /* LiveSplitKit.h */ = {isa = PBXFileReference; lastKnownFileType = sourcecode.c.h; path = LiveSplitKit.h; sourceTree = "<group>"; };
		4A6C4D15279B2681004D818C /* LiveSplitKit.docc */ = {isa = PBXFileReference; lastKnownFileType = folder.documentationcatalog; path = LiveSplitKit.docc; sourceTree = "<group>"; };
		4A6C4D1B279B2681004D818C /* LiveSplitKitTests.xctest */ = {isa = PBXFileReference; explicitFileType = wrapper.cfbundle; includeInIndex = 0; path = LiveSplitKitTests.xctest; sourceTree = BUILT_PRODUCTS_DIR; };
		4A6C4D20279B2681004D818C /* LiveSplitKitTests.swift */ = {isa = PBXFileReference; lastKnownFileType = sourcecode.swift; path = LiveSplitKitTests.swift; sourceTree = "<group>"; };
		4A6C4D2C279B26AD004D818C /* LiveSplitCore Extensions.swift */ = {isa = PBXFileReference; lastKnownFileType = sourcecode.swift; path = "LiveSplitCore Extensions.swift"; sourceTree = "<group>"; };
		4A6C4D2D279B26AD004D818C /* LiveSplitCore.swift */ = {isa = PBXFileReference; lastKnownFileType = sourcecode.swift; path = LiveSplitCore.swift; sourceTree = "<group>"; };
		4A6C4D2E279B26AD004D818C /* livesplit_core.h */ = {isa = PBXFileReference; lastKnownFileType = sourcecode.c.h; path = livesplit_core.h; sourceTree = "<group>"; };
		4A6C4D2F279B26AD004D818C /* module.map */ = {isa = PBXFileReference; lastKnownFileType = "sourcecode.module-map"; path = module.map; sourceTree = "<group>"; };
		4A6C4D30279B26AD004D818C /* RunEditorState.swift */ = {isa = PBXFileReference; lastKnownFileType = sourcecode.swift; path = RunEditorState.swift; sourceTree = "<group>"; };
		4A6C4D34279B26CF004D818C /* LSKit.swift */ = {isa = PBXFileReference; lastKnownFileType = sourcecode.swift; path = LSKit.swift; sourceTree = "<group>"; };
		4A6C4D4D279B31B5004D818C /* TimeComparison.swift */ = {isa = PBXFileReference; lastKnownFileType = sourcecode.swift; path = TimeComparison.swift; sourceTree = "<group>"; };
		4A6C4D51279B3257004D818C /* Color.swift */ = {isa = PBXFileReference; lastKnownFileType = sourcecode.swift; path = Color.swift; sourceTree = "<group>"; };
		4A7425D927ED0F13005BD6F6 /* LSCoreTesting.swift */ = {isa = PBXFileReference; lastKnownFileType = sourcecode.swift; path = LSCoreTesting.swift; sourceTree = "<group>"; };
		4A7425DD27ED1799005BD6F6 /* Font.swift */ = {isa = PBXFileReference; lastKnownFileType = sourcecode.swift; path = Font.swift; sourceTree = "<group>"; };
		4A8104F22A3235BF00B64272 /* Font+NSFont.swift */ = {isa = PBXFileReference; lastKnownFileType = sourcecode.swift; path = "Font+NSFont.swift"; sourceTree = "<group>"; };
		4AC241E8291ADE3A009C641A /* liblivesplit_core.a */ = {isa = PBXFileReference; lastKnownFileType = archive.ar; path = liblivesplit_core.a; sourceTree = "<group>"; };
		4AC241EF291AE33B009C641A /* LiveSplitKitTests.swift */ = {isa = PBXFileReference; lastKnownFileType = sourcecode.swift; path = LiveSplitKitTests.swift; sourceTree = "<group>"; };
		4AC241F0291AE33B009C641A /* LSCoreTesting.swift */ = {isa = PBXFileReference; lastKnownFileType = sourcecode.swift; path = LSCoreTesting.swift; sourceTree = "<group>"; };
		4AC241F1291AE33B009C641A /* LiveSplitKit.xcodeproj */ = {isa = PBXFileReference; lastKnownFileType = "wrapper.pb-project"; path = LiveSplitKit.xcodeproj; sourceTree = "<group>"; };
		4AC241F5291AE33B009C641A /* LiveSplitCore.swift */ = {isa = PBXFileReference; lastKnownFileType = sourcecode.swift; path = LiveSplitCore.swift; sourceTree = "<group>"; };
		4AC241F6291AE33B009C641A /* Color.swift */ = {isa = PBXFileReference; lastKnownFileType = sourcecode.swift; path = Color.swift; sourceTree = "<group>"; };
		4AC241F8291AE33B009C641A /* liblivesplit_core.a */ = {isa = PBXFileReference; lastKnownFileType = archive.ar; path = liblivesplit_core.a; sourceTree = "<group>"; };
		4AC241F9291AE33B009C641A /* RunEditorState.swift */ = {isa = PBXFileReference; lastKnownFileType = sourcecode.swift; path = RunEditorState.swift; sourceTree = "<group>"; };
		4AC241FA291AE33B009C641A /* module.map */ = {isa = PBXFileReference; lastKnownFileType = "sourcecode.module-map"; path = module.map; sourceTree = "<group>"; };
		4AC241FB291AE33B009C641A /* LSKit.swift */ = {isa = PBXFileReference; lastKnownFileType = sourcecode.swift; path = LSKit.swift; sourceTree = "<group>"; };
		4AC241FC291AE33B009C641A /* Font.swift */ = {isa = PBXFileReference; lastKnownFileType = sourcecode.swift; path = Font.swift; sourceTree = "<group>"; };
		4AC241FD291AE33B009C641A /* LiveSplitCore Extensions.swift */ = {isa = PBXFileReference; lastKnownFileType = sourcecode.swift; path = "LiveSplitCore Extensions.swift"; sourceTree = "<group>"; };
		4AC241FE291AE33B009C641A /* LiveSplitKit.h */ = {isa = PBXFileReference; lastKnownFileType = sourcecode.c.h; path = LiveSplitKit.h; sourceTree = "<group>"; };
		4AC241FF291AE33B009C641A /* LiveSplitKit.docc */ = {isa = PBXFileReference; lastKnownFileType = folder.documentationcatalog; path = LiveSplitKit.docc; sourceTree = "<group>"; };
		4AC24200291AE33B009C641A /* TimeComparison.swift */ = {isa = PBXFileReference; lastKnownFileType = sourcecode.swift; path = TimeComparison.swift; sourceTree = "<group>"; };
		4AC24202291AE33B009C641A /* livesplit_core.h */ = {isa = PBXFileReference; lastKnownFileType = sourcecode.c.h; path = livesplit_core.h; sourceTree = "<group>"; };
/* End PBXFileReference section */

/* Begin PBXFrameworksBuildPhase section */
		4A6C4D0E279B2681004D818C /* Frameworks */ = {
			isa = PBXFrameworksBuildPhase;
			buildActionMask = 2147483647;
			files = (
				4AC24203291AE34D009C641A /* liblivesplit_core.a in Frameworks */,
				4A6C4D43279B2B66004D818C /* SwiftyJSON in Frameworks */,
				4A6C4D46279B2B72004D818C /* Codextended in Frameworks */,
			);
			runOnlyForDeploymentPostprocessing = 0;
		};
		4A6C4D18279B2681004D818C /* Frameworks */ = {
			isa = PBXFrameworksBuildPhase;
			buildActionMask = 2147483647;
			files = (
				4A6C4D1C279B2681004D818C /* LiveSplitKit.framework in Frameworks */,
			);
			runOnlyForDeploymentPostprocessing = 0;
		};
/* End PBXFrameworksBuildPhase section */

/* Begin PBXGroup section */
		4A6C4D07279B2681004D818C = {
			isa = PBXGroup;
			children = (
				4A6C4D13279B2681004D818C /* LiveSplitKit */,
				4A6C4D1F279B2681004D818C /* LiveSplitKitTests */,
				4A6C4D12279B2681004D818C /* Products */,
				4AC241EB291ADFCB009C641A /* Frameworks */,
			);
			sourceTree = "<group>";
		};
		4A6C4D12279B2681004D818C /* Products */ = {
			isa = PBXGroup;
			children = (
				4A6C4D11279B2681004D818C /* LiveSplitKit.framework */,
				4A6C4D1B279B2681004D818C /* LiveSplitKitTests.xctest */,
			);
			name = Products;
			sourceTree = "<group>";
		};
		4A6C4D13279B2681004D818C /* LiveSplitKit */ = {
			isa = PBXGroup;
			children = (
				4AC241E7291ADE3A009C641A /* LiveSplitCore */,
				4A6C4D4A279B2D1A004D818C /* CLiveSplitCore */,
				4A6C4D2C279B26AD004D818C /* LiveSplitCore Extensions.swift */,
				4A6C4D2D279B26AD004D818C /* LiveSplitCore.swift */,
				4A6C4D30279B26AD004D818C /* RunEditorState.swift */,
				4A7425DD27ED1799005BD6F6 /* Font.swift */,
				4A8104F22A3235BF00B64272 /* Font+NSFont.swift */,
				4A6C4D4D279B31B5004D818C /* TimeComparison.swift */,
				4A6C4D51279B3257004D818C /* Color.swift */,
				4A6C4D2F279B26AD004D818C /* module.map */,
				4A6C4D34279B26CF004D818C /* LSKit.swift */,
				4A6C4D14279B2681004D818C /* LiveSplitKit.h */,
				4A6C4D15279B2681004D818C /* LiveSplitKit.docc */,
			);
			path = LiveSplitKit;
			sourceTree = "<group>";
		};
		4A6C4D1F279B2681004D818C /* LiveSplitKitTests */ = {
			isa = PBXGroup;
			children = (
				4A6C4D20279B2681004D818C /* LiveSplitKitTests.swift */,
				4A7425D927ED0F13005BD6F6 /* LSCoreTesting.swift */,
			);
			path = LiveSplitKitTests;
			sourceTree = "<group>";
		};
		4A6C4D4A279B2D1A004D818C /* CLiveSplitCore */ = {
			isa = PBXGroup;
			children = (
				4A6C4D2E279B26AD004D818C /* livesplit_core.h */,
			);
			path = CLiveSplitCore;
			sourceTree = "<group>";
		};
		4AC241E7291ADE3A009C641A /* LiveSplitCore */ = {
			isa = PBXGroup;
			children = (
				4AC241E8291ADE3A009C641A /* liblivesplit_core.a */,
			);
			path = LiveSplitCore;
			sourceTree = "<group>";
		};
		4AC241EB291ADFCB009C641A /* Frameworks */ = {
			isa = PBXGroup;
			children = (
				4AC241ED291AE33B009C641A /* LiveSplitKit */,
			);
			name = Frameworks;
			sourceTree = "<group>";
		};
		4AC241ED291AE33B009C641A /* LiveSplitKit */ = {
			isa = PBXGroup;
			children = (
				4AC241EE291AE33B009C641A /* LiveSplitKitTests */,
				4AC241F1291AE33B009C641A /* LiveSplitKit.xcodeproj */,
				4AC241F4291AE33B009C641A /* LiveSplitKit */,
			);
			name = LiveSplitKit;
			sourceTree = "<group>";
		};
		4AC241EE291AE33B009C641A /* LiveSplitKitTests */ = {
			isa = PBXGroup;
			children = (
				4AC241EF291AE33B009C641A /* LiveSplitKitTests.swift */,
				4AC241F0291AE33B009C641A /* LSCoreTesting.swift */,
			);
			path = LiveSplitKitTests;
			sourceTree = "<group>";
		};
		4AC241F2291AE33B009C641A /* Products */ = {
			isa = PBXGroup;
			name = Products;
			sourceTree = "<group>";
		};
		4AC241F4291AE33B009C641A /* LiveSplitKit */ = {
			isa = PBXGroup;
			children = (
				4AC241F5291AE33B009C641A /* LiveSplitCore.swift */,
				4AC241F6291AE33B009C641A /* Color.swift */,
				4AC241F7291AE33B009C641A /* LiveSplitCore */,
				4AC241F9291AE33B009C641A /* RunEditorState.swift */,
				4AC241FA291AE33B009C641A /* module.map */,
				4AC241FB291AE33B009C641A /* LSKit.swift */,
				4AC241FC291AE33B009C641A /* Font.swift */,
				4AC241FD291AE33B009C641A /* LiveSplitCore Extensions.swift */,
				4AC241FE291AE33B009C641A /* LiveSplitKit.h */,
				4AC241FF291AE33B009C641A /* LiveSplitKit.docc */,
				4AC24200291AE33B009C641A /* TimeComparison.swift */,
				4AC24201291AE33B009C641A /* CLiveSplitCore */,
			);
			path = LiveSplitKit;
			sourceTree = "<group>";
		};
		4AC241F7291AE33B009C641A /* LiveSplitCore */ = {
			isa = PBXGroup;
			children = (
				4AC241F8291AE33B009C641A /* liblivesplit_core.a */,
			);
			path = LiveSplitCore;
			sourceTree = "<group>";
		};
		4AC24201291AE33B009C641A /* CLiveSplitCore */ = {
			isa = PBXGroup;
			children = (
				4AC24202291AE33B009C641A /* livesplit_core.h */,
			);
			path = CLiveSplitCore;
			sourceTree = "<group>";
		};
/* End PBXGroup section */

/* Begin PBXHeadersBuildPhase section */
		4A6C4D0C279B2681004D818C /* Headers */ = {
			isa = PBXHeadersBuildPhase;
			buildActionMask = 2147483647;
			files = (
				4A6C4D22279B2681004D818C /* LiveSplitKit.h in Headers */,
				4A6C4D36279B2757004D818C /* livesplit_core.h in Headers */,
			);
			runOnlyForDeploymentPostprocessing = 0;
		};
/* End PBXHeadersBuildPhase section */

/* Begin PBXNativeTarget section */
		4A6C4D10279B2681004D818C /* LiveSplitKit */ = {
			isa = PBXNativeTarget;
			buildConfigurationList = 4A6C4D25279B2681004D818C /* Build configuration list for PBXNativeTarget "LiveSplitKit" */;
			buildPhases = (
				4A6C4D0C279B2681004D818C /* Headers */,
				4A6C4D0D279B2681004D818C /* Sources */,
				4A6C4D0E279B2681004D818C /* Frameworks */,
				4A6C4D0F279B2681004D818C /* Resources */,
			);
			buildRules = (
			);
			dependencies = (
			);
			name = LiveSplitKit;
			packageProductDependencies = (
				4A6C4D42279B2B66004D818C /* SwiftyJSON */,
				4A6C4D45279B2B72004D818C /* Codextended */,
			);
			productName = LiveSplitKit;
			productReference = 4A6C4D11279B2681004D818C /* LiveSplitKit.framework */;
			productType = "com.apple.product-type.framework";
		};
		4A6C4D1A279B2681004D818C /* LiveSplitKitTests */ = {
			isa = PBXNativeTarget;
			buildConfigurationList = 4A6C4D28279B2681004D818C /* Build configuration list for PBXNativeTarget "LiveSplitKitTests" */;
			buildPhases = (
				4A6C4D17279B2681004D818C /* Sources */,
				4A6C4D18279B2681004D818C /* Frameworks */,
				4A6C4D19279B2681004D818C /* Resources */,
			);
			buildRules = (
			);
			dependencies = (
				4A6C4D1E279B2681004D818C /* PBXTargetDependency */,
			);
			name = LiveSplitKitTests;
			productName = LiveSplitKitTests;
			productReference = 4A6C4D1B279B2681004D818C /* LiveSplitKitTests.xctest */;
			productType = "com.apple.product-type.bundle.unit-test";
		};
/* End PBXNativeTarget section */

/* Begin PBXProject section */
		4A6C4D08279B2681004D818C /* Project object */ = {
			isa = PBXProject;
			attributes = {
				BuildIndependentTargetsInParallel = 1;
				LastSwiftUpdateCheck = 1320;
				LastUpgradeCheck = 1320;
				TargetAttributes = {
					4A6C4D10279B2681004D818C = {
						CreatedOnToolsVersion = 13.2;
					};
					4A6C4D1A279B2681004D818C = {
						CreatedOnToolsVersion = 13.2;
					};
				};
			};
			buildConfigurationList = 4A6C4D0B279B2681004D818C /* Build configuration list for PBXProject "LiveSplitKit" */;
			compatibilityVersion = "Xcode 13.0";
			developmentRegion = en;
			hasScannedForEncodings = 0;
			knownRegions = (
				en,
				Base,
			);
			mainGroup = 4A6C4D07279B2681004D818C;
			packageReferences = (
				4A6C4D41279B2B66004D818C /* XCRemoteSwiftPackageReference "SwiftyJSON" */,
				4A6C4D44279B2B72004D818C /* XCRemoteSwiftPackageReference "Codextended" */,
			);
			productRefGroup = 4A6C4D12279B2681004D818C /* Products */;
			projectDirPath = "";
			projectReferences = (
				{
					ProductGroup = 4AC241F2291AE33B009C641A /* Products */;
					ProjectRef = 4AC241F1291AE33B009C641A /* LiveSplitKit.xcodeproj */;
				},
			);
			projectRoot = "";
			targets = (
				4A6C4D10279B2681004D818C /* LiveSplitKit */,
				4A6C4D1A279B2681004D818C /* LiveSplitKitTests */,
			);
		};
/* End PBXProject section */

/* Begin PBXResourcesBuildPhase section */
		4A6C4D0F279B2681004D818C /* Resources */ = {
			isa = PBXResourcesBuildPhase;
			buildActionMask = 2147483647;
			files = (
			);
			runOnlyForDeploymentPostprocessing = 0;
		};
		4A6C4D19279B2681004D818C /* Resources */ = {
			isa = PBXResourcesBuildPhase;
			buildActionMask = 2147483647;
			files = (
			);
			runOnlyForDeploymentPostprocessing = 0;
		};
/* End PBXResourcesBuildPhase section */

/* Begin PBXSourcesBuildPhase section */
		4A6C4D0D279B2681004D818C /* Sources */ = {
			isa = PBXSourcesBuildPhase;
			buildActionMask = 2147483647;
			files = (
				4A8104F32A3235BF00B64272 /* Font+NSFont.swift in Sources */,
				4A6C4D4B279B2E15004D818C /* LiveSplitCore.swift in Sources */,
				4A6C4D53279B3280004D818C /* RunEditorState.swift in Sources */,
				4A6C4D4E279B31B5004D818C /* TimeComparison.swift in Sources */,
				4A6C4D52279B3257004D818C /* Color.swift in Sources */,
				4A7425DE27ED1799005BD6F6 /* Font.swift in Sources */,
				4A6C4D16279B2681004D818C /* LiveSplitKit.docc in Sources */,
				4A6C4D4C279B3190004D818C /* LiveSplitCore Extensions.swift in Sources */,
				4A6C4D35279B26CF004D818C /* LSKit.swift in Sources */,
			);
			runOnlyForDeploymentPostprocessing = 0;
		};
		4A6C4D17279B2681004D818C /* Sources */ = {
			isa = PBXSourcesBuildPhase;
			buildActionMask = 2147483647;
			files = (
				4A7425DA27ED0F14005BD6F6 /* LSCoreTesting.swift in Sources */,
				4A6C4D21279B2681004D818C /* LiveSplitKitTests.swift in Sources */,
			);
			runOnlyForDeploymentPostprocessing = 0;
		};
/* End PBXSourcesBuildPhase section */

/* Begin PBXTargetDependency section */
		4A6C4D1E279B2681004D818C /* PBXTargetDependency */ = {
			isa = PBXTargetDependency;
			target = 4A6C4D10279B2681004D818C /* LiveSplitKit */;
			targetProxy = 4A6C4D1D279B2681004D818C /* PBXContainerItemProxy */;
		};
/* End PBXTargetDependency section */

/* Begin XCBuildConfiguration section */
		4A6C4D23279B2681004D818C /* Debug */ = {
			isa = XCBuildConfiguration;
			buildSettings = {
				ALWAYS_SEARCH_USER_PATHS = NO;
				CLANG_ANALYZER_NONNULL = YES;
				CLANG_ANALYZER_NUMBER_OBJECT_CONVERSION = YES_AGGRESSIVE;
				CLANG_CXX_LANGUAGE_STANDARD = "gnu++17";
				CLANG_ENABLE_MODULES = YES;
				CLANG_ENABLE_OBJC_ARC = YES;
				CLANG_ENABLE_OBJC_WEAK = YES;
				CLANG_WARN_BLOCK_CAPTURE_AUTORELEASING = YES;
				CLANG_WARN_BOOL_CONVERSION = YES;
				CLANG_WARN_COMMA = YES;
				CLANG_WARN_CONSTANT_CONVERSION = YES;
				CLANG_WARN_DEPRECATED_OBJC_IMPLEMENTATIONS = YES;
				CLANG_WARN_DIRECT_OBJC_ISA_USAGE = YES_ERROR;
				CLANG_WARN_DOCUMENTATION_COMMENTS = YES;
				CLANG_WARN_EMPTY_BODY = YES;
				CLANG_WARN_ENUM_CONVERSION = YES;
				CLANG_WARN_INFINITE_RECURSION = YES;
				CLANG_WARN_INT_CONVERSION = YES;
				CLANG_WARN_NON_LITERAL_NULL_CONVERSION = YES;
				CLANG_WARN_OBJC_IMPLICIT_RETAIN_SELF = YES;
				CLANG_WARN_OBJC_LITERAL_CONVERSION = YES;
				CLANG_WARN_OBJC_ROOT_CLASS = YES_ERROR;
				CLANG_WARN_QUOTED_INCLUDE_IN_FRAMEWORK_HEADER = YES;
				CLANG_WARN_RANGE_LOOP_ANALYSIS = YES;
				CLANG_WARN_STRICT_PROTOTYPES = YES;
				CLANG_WARN_SUSPICIOUS_MOVE = YES;
				CLANG_WARN_UNGUARDED_AVAILABILITY = YES_AGGRESSIVE;
				CLANG_WARN_UNREACHABLE_CODE = YES;
				CLANG_WARN__DUPLICATE_METHOD_MATCH = YES;
				COPY_PHASE_STRIP = NO;
				CURRENT_PROJECT_VERSION = 1;
				DEBUG_INFORMATION_FORMAT = dwarf;
				ENABLE_STRICT_OBJC_MSGSEND = YES;
				ENABLE_TESTABILITY = YES;
				GCC_C_LANGUAGE_STANDARD = gnu11;
				GCC_DYNAMIC_NO_PIC = NO;
				GCC_NO_COMMON_BLOCKS = YES;
				GCC_OPTIMIZATION_LEVEL = 0;
				GCC_PREPROCESSOR_DEFINITIONS = (
					"DEBUG=1",
					"$(inherited)",
				);
				GCC_WARN_64_TO_32_BIT_CONVERSION = YES;
				GCC_WARN_ABOUT_RETURN_TYPE = YES_ERROR;
				GCC_WARN_UNDECLARED_SELECTOR = YES;
				GCC_WARN_UNINITIALIZED_AUTOS = YES_AGGRESSIVE;
				GCC_WARN_UNUSED_FUNCTION = YES;
				GCC_WARN_UNUSED_VARIABLE = YES;
				MACOSX_DEPLOYMENT_TARGET = 12.1;
				MTL_ENABLE_DEBUG_INFO = INCLUDE_SOURCE;
				MTL_FAST_MATH = YES;
				ONLY_ACTIVE_ARCH = YES;
				SDKROOT = macosx;
				SWIFT_ACTIVE_COMPILATION_CONDITIONS = DEBUG;
				SWIFT_OPTIMIZATION_LEVEL = "-Onone";
				VERSIONING_SYSTEM = "apple-generic";
				VERSION_INFO_PREFIX = "";
			};
			name = Debug;
		};
		4A6C4D24279B2681004D818C /* Release */ = {
			isa = XCBuildConfiguration;
			buildSettings = {
				ALWAYS_SEARCH_USER_PATHS = NO;
				CLANG_ANALYZER_NONNULL = YES;
				CLANG_ANALYZER_NUMBER_OBJECT_CONVERSION = YES_AGGRESSIVE;
				CLANG_CXX_LANGUAGE_STANDARD = "gnu++17";
				CLANG_ENABLE_MODULES = YES;
				CLANG_ENABLE_OBJC_ARC = YES;
				CLANG_ENABLE_OBJC_WEAK = YES;
				CLANG_WARN_BLOCK_CAPTURE_AUTORELEASING = YES;
				CLANG_WARN_BOOL_CONVERSION = YES;
				CLANG_WARN_COMMA = YES;
				CLANG_WARN_CONSTANT_CONVERSION = YES;
				CLANG_WARN_DEPRECATED_OBJC_IMPLEMENTATIONS = YES;
				CLANG_WARN_DIRECT_OBJC_ISA_USAGE = YES_ERROR;
				CLANG_WARN_DOCUMENTATION_COMMENTS = YES;
				CLANG_WARN_EMPTY_BODY = YES;
				CLANG_WARN_ENUM_CONVERSION = YES;
				CLANG_WARN_INFINITE_RECURSION = YES;
				CLANG_WARN_INT_CONVERSION = YES;
				CLANG_WARN_NON_LITERAL_NULL_CONVERSION = YES;
				CLANG_WARN_OBJC_IMPLICIT_RETAIN_SELF = YES;
				CLANG_WARN_OBJC_LITERAL_CONVERSION = YES;
				CLANG_WARN_OBJC_ROOT_CLASS = YES_ERROR;
				CLANG_WARN_QUOTED_INCLUDE_IN_FRAMEWORK_HEADER = YES;
				CLANG_WARN_RANGE_LOOP_ANALYSIS = YES;
				CLANG_WARN_STRICT_PROTOTYPES = YES;
				CLANG_WARN_SUSPICIOUS_MOVE = YES;
				CLANG_WARN_UNGUARDED_AVAILABILITY = YES_AGGRESSIVE;
				CLANG_WARN_UNREACHABLE_CODE = YES;
				CLANG_WARN__DUPLICATE_METHOD_MATCH = YES;
				COPY_PHASE_STRIP = NO;
				CURRENT_PROJECT_VERSION = 1;
				DEBUG_INFORMATION_FORMAT = "dwarf-with-dsym";
				ENABLE_NS_ASSERTIONS = NO;
				ENABLE_STRICT_OBJC_MSGSEND = YES;
				GCC_C_LANGUAGE_STANDARD = gnu11;
				GCC_NO_COMMON_BLOCKS = YES;
				GCC_WARN_64_TO_32_BIT_CONVERSION = YES;
				GCC_WARN_ABOUT_RETURN_TYPE = YES_ERROR;
				GCC_WARN_UNDECLARED_SELECTOR = YES;
				GCC_WARN_UNINITIALIZED_AUTOS = YES_AGGRESSIVE;
				GCC_WARN_UNUSED_FUNCTION = YES;
				GCC_WARN_UNUSED_VARIABLE = YES;
				MACOSX_DEPLOYMENT_TARGET = 12.1;
				MTL_ENABLE_DEBUG_INFO = NO;
				MTL_FAST_MATH = YES;
				SDKROOT = macosx;
				SWIFT_COMPILATION_MODE = wholemodule;
				SWIFT_OPTIMIZATION_LEVEL = "-O";
				VERSIONING_SYSTEM = "apple-generic";
				VERSION_INFO_PREFIX = "";
			};
			name = Release;
		};
		4A6C4D26279B2681004D818C /* Debug */ = {
			isa = XCBuildConfiguration;
			buildSettings = {
				CODE_SIGN_IDENTITY = "Apple Development";
				CODE_SIGN_STYLE = Automatic;
				COMBINE_HIDPI_IMAGES = YES;
				CURRENT_PROJECT_VERSION = 1;
				DEFINES_MODULE = YES;
				DEVELOPMENT_TEAM = "";
				DYLIB_COMPATIBILITY_VERSION = 1;
				DYLIB_CURRENT_VERSION = 1;
				DYLIB_INSTALL_NAME_BASE = "@rpath";
				GENERATE_INFOPLIST_FILE = YES;
				INFOPLIST_KEY_NSHumanReadableCopyright = "";
				INSTALL_PATH = "$(LOCAL_LIBRARY_DIR)/Frameworks";
				LD_RUNPATH_SEARCH_PATHS = (
					"$(inherited)",
					"@executable_path/../Frameworks",
					"@loader_path/Frameworks",
				);
				LIBRARY_SEARCH_PATHS = (
					"$(inherited)",
					"$(PROJECT_DIR)/LiveSplitKit/LiveSplitCore",
				);
				MACOSX_DEPLOYMENT_TARGET = 10.15;
				MARKETING_VERSION = 1.0;
				MODULEMAP_FILE = "$(PROJECT_DIR)/LiveSplitKit/module.map";
				PRODUCT_BUNDLE_IDENTIFIER = com.mibe.LiveSplitKit;
				PRODUCT_NAME = "$(TARGET_NAME:c99extidentifier)";
				PROVISIONING_PROFILE_SPECIFIER = "";
				SKIP_INSTALL = YES;
				SWIFT_EMIT_LOC_STRINGS = YES;
				SWIFT_VERSION = 5.0;
			};
			name = Debug;
		};
		4A6C4D27279B2681004D818C /* Release */ = {
			isa = XCBuildConfiguration;
			buildSettings = {
				CODE_SIGN_IDENTITY = "Apple Development";
				CODE_SIGN_STYLE = Automatic;
				COMBINE_HIDPI_IMAGES = YES;
				CURRENT_PROJECT_VERSION = 1;
				DEFINES_MODULE = YES;
				DEVELOPMENT_TEAM = "";
				DYLIB_COMPATIBILITY_VERSION = 1;
				DYLIB_CURRENT_VERSION = 1;
				DYLIB_INSTALL_NAME_BASE = "@rpath";
				GENERATE_INFOPLIST_FILE = YES;
				INFOPLIST_KEY_NSHumanReadableCopyright = "";
				INSTALL_PATH = "$(LOCAL_LIBRARY_DIR)/Frameworks";
				LD_RUNPATH_SEARCH_PATHS = (
					"$(inherited)",
					"@executable_path/../Frameworks",
					"@loader_path/Frameworks",
				);
				LIBRARY_SEARCH_PATHS = (
					"$(inherited)",
					"$(PROJECT_DIR)/LiveSplitKit/LiveSplitCore",
				);
				MACOSX_DEPLOYMENT_TARGET = 10.15;
				MARKETING_VERSION = 1.0;
				MODULEMAP_FILE = "$(PROJECT_DIR)/LiveSplitKit/module.map";
				PRODUCT_BUNDLE_IDENTIFIER = com.mibe.LiveSplitKit;
				PRODUCT_NAME = "$(TARGET_NAME:c99extidentifier)";
				PROVISIONING_PROFILE_SPECIFIER = "";
				SKIP_INSTALL = YES;
				SWIFT_EMIT_LOC_STRINGS = YES;
				SWIFT_VERSION = 5.0;
			};
			name = Release;
		};
		4A6C4D29279B2681004D818C /* Debug */ = {
			isa = XCBuildConfiguration;
			buildSettings = {
				ALWAYS_EMBED_SWIFT_STANDARD_LIBRARIES = YES;
				CODE_SIGN_STYLE = Automatic;
				CURRENT_PROJECT_VERSION = 1;
				DEVELOPMENT_TEAM = 39SZK2C73D;
				GENERATE_INFOPLIST_FILE = YES;
				MARKETING_VERSION = 1.0;
				PRODUCT_BUNDLE_IDENTIFIER = com.mibe.LiveSplitKitTests;
				PRODUCT_NAME = "$(TARGET_NAME)";
				SWIFT_EMIT_LOC_STRINGS = NO;
				SWIFT_VERSION = 5.0;
			};
			name = Debug;
		};
		4A6C4D2A279B2681004D818C /* Release */ = {
			isa = XCBuildConfiguration;
			buildSettings = {
				ALWAYS_EMBED_SWIFT_STANDARD_LIBRARIES = YES;
				CODE_SIGN_STYLE = Automatic;
				CURRENT_PROJECT_VERSION = 1;
				DEVELOPMENT_TEAM = 39SZK2C73D;
				GENERATE_INFOPLIST_FILE = YES;
				MARKETING_VERSION = 1.0;
				PRODUCT_BUNDLE_IDENTIFIER = com.mibe.LiveSplitKitTests;
				PRODUCT_NAME = "$(TARGET_NAME)";
				SWIFT_EMIT_LOC_STRINGS = NO;
				SWIFT_VERSION = 5.0;
			};
			name = Release;
		};
/* End XCBuildConfiguration section */

/* Begin XCConfigurationList section */
		4A6C4D0B279B2681004D818C /* Build configuration list for PBXProject "LiveSplitKit" */ = {
			isa = XCConfigurationList;
			buildConfigurations = (
				4A6C4D23279B2681004D818C /* Debug */,
				4A6C4D24279B2681004D818C /* Release */,
			);
			defaultConfigurationIsVisible = 0;
			defaultConfigurationName = Release;
		};
		4A6C4D25279B2681004D818C /* Build configuration list for PBXNativeTarget "LiveSplitKit" */ = {
			isa = XCConfigurationList;
			buildConfigurations = (
				4A6C4D26279B2681004D818C /* Debug */,
				4A6C4D27279B2681004D818C /* Release */,
			);
			defaultConfigurationIsVisible = 0;
			defaultConfigurationName = Release;
		};
		4A6C4D28279B2681004D818C /* Build configuration list for PBXNativeTarget "LiveSplitKitTests" */ = {
			isa = XCConfigurationList;
			buildConfigurations = (
				4A6C4D29279B2681004D818C /* Debug */,
				4A6C4D2A279B2681004D818C /* Release */,
			);
			defaultConfigurationIsVisible = 0;
			defaultConfigurationName = Release;
		};
/* End XCConfigurationList section */

/* Begin XCRemoteSwiftPackageReference section */
		4A6C4D41279B2B66004D818C /* XCRemoteSwiftPackageReference "SwiftyJSON" */ = {
			isa = XCRemoteSwiftPackageReference;
			repositoryURL = "https://github.com/SwiftyJSON/SwiftyJSON";
			requirement = {
				kind = upToNextMajorVersion;
				minimumVersion = 5.0.0;
			};
		};
		4A6C4D44279B2B72004D818C /* XCRemoteSwiftPackageReference "Codextended" */ = {
			isa = XCRemoteSwiftPackageReference;
			repositoryURL = "https://github.com/JohnSundell/Codextended";
			requirement = {
				kind = upToNextMajorVersion;
				minimumVersion = 0.3.0;
			};
		};
/* End XCRemoteSwiftPackageReference section */

/* Begin XCSwiftPackageProductDependency section */
		4A6C4D42279B2B66004D818C /* SwiftyJSON */ = {
			isa = XCSwiftPackageProductDependency;
			package = 4A6C4D41279B2B66004D818C /* XCRemoteSwiftPackageReference "SwiftyJSON" */;
			productName = SwiftyJSON;
		};
		4A6C4D45279B2B72004D818C /* Codextended */ = {
			isa = XCSwiftPackageProductDependency;
			package = 4A6C4D44279B2B72004D818C /* XCRemoteSwiftPackageReference "Codextended" */;
			productName = Codextended;
		};
/* End XCSwiftPackageProductDependency section */
	};
	rootObject = 4A6C4D08279B2681004D818C /* Project object */;
}
